PODS:
  - Alamofire (4.7.2)
  - AlamofireObjectMapper (5.0.0):
    - Alamofire (~> 4.1)
    - ObjectMapper (~> 3.0)
  - KeychainSwift (11.0.0)
  - LEONetworkLayer (0.3.0):
    - Alamofire (~> 4.7.2)
    - AlamofireObjectMapper (~> 5.0.0)
    - ObjectMapper (~> 3.1.0)
  - ObjectMapper (3.1.0)
  - RxCocoa (4.1.2):
    - RxSwift (~> 4.0)
  - RxSwift (4.1.2)
  - UIScrollView-InfiniteScroll (1.1.0)

DEPENDENCIES:
  - KeychainSwift (~> 11.0.0)
  - LEONetworkLayer (from `../`)
  - RxCocoa (~> 4.1.2)
  - RxSwift (~> 4.1.2)
  - UIScrollView-InfiniteScroll (~> 1.1.0)

SPEC REPOS:
  https://github.com/CocoaPods/Specs.git:
    - Alamofire
    - AlamofireObjectMapper
    - KeychainSwift
    - ObjectMapper
    - RxCocoa
    - RxSwift
    - UIScrollView-InfiniteScroll

EXTERNAL SOURCES:
  LEONetworkLayer:
    :path: "../"

SPEC CHECKSUMS:
  Alamofire: e4fa87002c137ba2d8d634d2c51fabcda0d5c223
  AlamofireObjectMapper: 5fafc816351cbbc0d486611aaeba7461c0cbad49
  KeychainSwift: bea6bd9f98af7b8d7ca4aa79fe105c00fab532db
  LEONetworkLayer: 6eb1ddbc151a6312465893a5f191aaf33696ce1f
  ObjectMapper: 20505058f54e5c3ca69e1d6de9897d152a5369a6
  RxCocoa: d88ba0f1f6abf040011a9eb4b539324fc426843a
  RxSwift: e49536837d9901277638493ea537394d4b55f570
  UIScrollView-InfiniteScroll: 3ef456bcbe759c19f510a383cff96e6647c98c98

PODFILE CHECKSUM: 1920b78ce42fbcc512d9786d8c0018a233884a6d

COCOAPODS: 1.5.0
