// !$*UTF8*$!
{
	archiveVersion = 1;
	classes = {
	};
	objectVersion = 51;
	objects = {

/* Begin PBXBuildFile section */
		8D4546FB22E1BE45008B7C61 /* AppDelegate.swift in Sources */ = {isa = PBXBuildFile; fileRef = 8D4546FA22E1BE45008B7C61 /* AppDelegate.swift */; };
		8D45470222E1BE46008B7C61 /* Assets.xcassets in Resources */ = {isa = PBXBuildFile; fileRef = 8D45470122E1BE46008B7C61 /* Assets.xcassets */; };
		8D45470522E1BE46008B7C61 /* LaunchScreen.storyboard in Resources */ = {isa = PBXBuildFile; fileRef = 8D45470322E1BE46008B7C61 /* LaunchScreen.storyboard */; };
		95FC6AB06031FBCEEE0DE6B7 /* Pods_LeoExample.framework in Frameworks */ = {isa = PBXBuildFile; fileRef = 9762B70D07AC54780E080808 /* Pods_LeoExample.framework */; };
		9A5E827C22EFF11D0089C626 /* SwiftGen.sh in Resources */ = {isa = PBXBuildFile; fileRef = 9A5E827B22EFF11D0089C626 /* SwiftGen.sh */; };
		9A5E827F22EFF29D0089C626 /* Localizable.strings in Resources */ = {isa = PBXBuildFile; fileRef = 9A5E827E22EFF29D0089C626 /* Localizable.strings */; };
		9A5E828122EFFBB90089C626 /* Strings.swift in Sources */ = {isa = PBXBuildFile; fileRef = 9A5E828022EFFBB90089C626 /* Strings.swift */; };
		9A5E828422F039790089C626 /* AccountStatus.swift in Sources */ = {isa = PBXBuildFile; fileRef = 9A5E828322F039790089C626 /* AccountStatus.swift */; };
		9A82E75A230AAB0100C67B1C /* RegistrationViewModel.swift in Sources */ = {isa = PBXBuildFile; fileRef = 9A82E759230AAB0100C67B1C /* RegistrationViewModel.swift */; };
		9A82E75C230AAB1900C67B1C /* RegistrationViewController.swift in Sources */ = {isa = PBXBuildFile; fileRef = 9A82E75B230AAB1900C67B1C /* RegistrationViewController.swift */; };
		9A82E75E230AABAD00C67B1C /* RegistrationViewController.xib in Resources */ = {isa = PBXBuildFile; fileRef = 9A82E75D230AABAD00C67B1C /* RegistrationViewController.xib */; };
		9A82E760230AAC7300C67B1C /* RegistrationCoordinator.swift in Sources */ = {isa = PBXBuildFile; fileRef = 9A82E75F230AAC7300C67B1C /* RegistrationCoordinator.swift */; };
		9A82E762230AB44800C67B1C /* SignInResponse.swift in Sources */ = {isa = PBXBuildFile; fileRef = 9A82E761230AB44800C67B1C /* SignInResponse.swift */; };
		9A82E765230AB4D300C67B1C /* AuthInfoDTO.swift in Sources */ = {isa = PBXBuildFile; fileRef = 9A82E764230AB4D300C67B1C /* AuthInfoDTO.swift */; };
		9A82E767230D0F9700C67B1C /* TokenResponse.swift in Sources */ = {isa = PBXBuildFile; fileRef = 9A82E766230D0F9700C67B1C /* TokenResponse.swift */; };
		9A82E76B230E4DB500C67B1C /* UserRegistrationInfoDTO.swift in Sources */ = {isa = PBXBuildFile; fileRef = 9A82E76A230E4DB500C67B1C /* UserRegistrationInfoDTO.swift */; };
		9AA92A6C230E98D100B64658 /* CursorRequestParameters.swift in Sources */ = {isa = PBXBuildFile; fileRef = 9AA92A6B230E98D100B64658 /* CursorRequestParameters.swift */; };
		9AA92A6E230E9FB900B64658 /* News.swift in Sources */ = {isa = PBXBuildFile; fileRef = 9AA92A6D230E9FB900B64658 /* News.swift */; };
		9AA92A70230EA08800B64658 /* NewsCell.xib in Resources */ = {isa = PBXBuildFile; fileRef = 9AA92A6F230EA08800B64658 /* NewsCell.xib */; };
		9AA92A72230EA0DA00B64658 /* NewsCell.swift in Sources */ = {isa = PBXBuildFile; fileRef = 9AA92A71230EA0DA00B64658 /* NewsCell.swift */; };
		9AA92A75230EB2E400B64658 /* NewsViewModel.swift in Sources */ = {isa = PBXBuildFile; fileRef = 9AA92A74230EB2E400B64658 /* NewsViewModel.swift */; };
		9AA92A86230FCAA300B64658 /* Cursor.swift in Sources */ = {isa = PBXBuildFile; fileRef = 9AA92A85230FCAA300B64658 /* Cursor.swift */; };
		9AA92A88230FCB2B00B64658 /* NewsServiceError.swift in Sources */ = {isa = PBXBuildFile; fileRef = 9AA92A87230FCB2B00B64658 /* NewsServiceError.swift */; };
		9AA92A8B230FD1AA00B64658 /* NewsDTO.swift in Sources */ = {isa = PBXBuildFile; fileRef = 9AA92A8A230FD1AA00B64658 /* NewsDTO.swift */; };
		9AA92A8E230FFDF000B64658 /* NewsResponse.swift in Sources */ = {isa = PBXBuildFile; fileRef = 9AA92A8D230FFDF000B64658 /* NewsResponse.swift */; };
		9AE179AB22F1B811006DECBD /* LeoProviderError+Localization.swift in Sources */ = {isa = PBXBuildFile; fileRef = 9AE179AA22F1B811006DECBD /* LeoProviderError+Localization.swift */; };
		9AEB96E122E9906A0060E6F8 /* AccountService.swift in Sources */ = {isa = PBXBuildFile; fileRef = 9AEB96E022E9906A0060E6F8 /* AccountService.swift */; };
		9AEB96E622E990750060E6F8 /* AppCoordinator.swift in Sources */ = {isa = PBXBuildFile; fileRef = 9AEB96E322E990750060E6F8 /* AppCoordinator.swift */; };
		9AEB96E722E990750060E6F8 /* AppContext.swift in Sources */ = {isa = PBXBuildFile; fileRef = 9AEB96E422E990750060E6F8 /* AppContext.swift */; };
		9AEB96EA22E990C10060E6F8 /* AuthenticationCoordinator.swift in Sources */ = {isa = PBXBuildFile; fileRef = 9AEB96E822E990C10060E6F8 /* AuthenticationCoordinator.swift */; };
		9AEB96F022E990D80060E6F8 /* MainCoordinator.swift in Sources */ = {isa = PBXBuildFile; fileRef = 9AEB96EE22E990D80060E6F8 /* MainCoordinator.swift */; };
		9AEB96F422E991550060E6F8 /* MainViewController.swift in Sources */ = {isa = PBXBuildFile; fileRef = 9AEB96F222E991550060E6F8 /* MainViewController.swift */; };
		9AEB96F522E991550060E6F8 /* MainViewController.xib in Resources */ = {isa = PBXBuildFile; fileRef = 9AEB96F322E991550060E6F8 /* MainViewController.xib */; };
		9AEB96F822E9915F0060E6F8 /* AuthenticationViewController.swift in Sources */ = {isa = PBXBuildFile; fileRef = 9AEB96F622E9915E0060E6F8 /* AuthenticationViewController.swift */; };
		9AEB96F922E9915F0060E6F8 /* AuthenticationViewController.xib in Resources */ = {isa = PBXBuildFile; fileRef = 9AEB96F722E9915E0060E6F8 /* AuthenticationViewController.xib */; };
		9AEB970122E9961C0060E6F8 /* AuthentificationTarget.swift in Sources */ = {isa = PBXBuildFile; fileRef = 9AEB970022E9961C0060E6F8 /* AuthentificationTarget.swift */; };
		9AEB970322E997170060E6F8 /* LeoTargetType.swift in Sources */ = {isa = PBXBuildFile; fileRef = 9AEB970222E997170060E6F8 /* LeoTargetType.swift */; };
		9AEB970822E9B8900060E6F8 /* AuthenticationViewModel.swift in Sources */ = {isa = PBXBuildFile; fileRef = 9AEB970722E9B8900060E6F8 /* AuthenticationViewModel.swift */; };
		9AEB972F22EAF6500060E6F8 /* TestPlugin.swift in Sources */ = {isa = PBXBuildFile; fileRef = 9AEB972E22EAF6500060E6F8 /* TestPlugin.swift */; };
		9AEB973722EB26610060E6F8 /* String+Edit.swift in Sources */ = {isa = PBXBuildFile; fileRef = 9AEB973622EB26610060E6F8 /* String+Edit.swift */; };
		9AEB974D22EEAE1E0060E6F8 /* AccountStorage.swift in Sources */ = {isa = PBXBuildFile; fileRef = 9AEB974C22EEAE1E0060E6F8 /* AccountStorage.swift */; };
		9AEB975422EEC1520060E6F8 /* KeychainStorage.swift in Sources */ = {isa = PBXBuildFile; fileRef = 9AEB975322EEC1520060E6F8 /* KeychainStorage.swift */; };
		9AEB976A22EF05810060E6F8 /* NewsService.swift in Sources */ = {isa = PBXBuildFile; fileRef = 9AEB976922EF05810060E6F8 /* NewsService.swift */; };
		9AEB976E22EF05C00060E6F8 /* NewsTarget.swift in Sources */ = {isa = PBXBuildFile; fileRef = 9AEB976D22EF05C00060E6F8 /* NewsTarget.swift */; };
		9AEB977222EF12C40060E6F8 /* TokenRequestParameters.swift in Sources */ = {isa = PBXBuildFile; fileRef = 9AEB977122EF12C40060E6F8 /* TokenRequestParameters.swift */; };
		9AEDD4FA22F2E5D500F3AF43 /* LeoApiError+Localization.swift in Sources */ = {isa = PBXBuildFile; fileRef = 9AEDD4F922F2E5D500F3AF43 /* LeoApiError+Localization.swift */; };
		9AEDD4FC22F2E7FF00F3AF43 /* MoyaError+Localization.swift in Sources */ = {isa = PBXBuildFile; fileRef = 9AEDD4FB22F2E7FF00F3AF43 /* MoyaError+Localization.swift */; };
		9AEDD4FE22F3EF7300F3AF43 /* AccountServiceError.swift in Sources */ = {isa = PBXBuildFile; fileRef = 9AEDD4FD22F3EF7300F3AF43 /* AccountServiceError.swift */; };
/* End PBXBuildFile section */

/* Begin PBXFileReference section */
		8D4546F722E1BE45008B7C61 /* LeoExample.app */ = {isa = PBXFileReference; explicitFileType = wrapper.application; includeInIndex = 0; path = LeoExample.app; sourceTree = BUILT_PRODUCTS_DIR; };
		8D4546FA22E1BE45008B7C61 /* AppDelegate.swift */ = {isa = PBXFileReference; lastKnownFileType = sourcecode.swift; path = AppDelegate.swift; sourceTree = "<group>"; };
		8D45470122E1BE46008B7C61 /* Assets.xcassets */ = {isa = PBXFileReference; lastKnownFileType = folder.assetcatalog; path = Assets.xcassets; sourceTree = "<group>"; };
		8D45470422E1BE46008B7C61 /* Base */ = {isa = PBXFileReference; lastKnownFileType = file.storyboard; name = Base; path = Base.lproj/LaunchScreen.storyboard; sourceTree = "<group>"; };
		8D45470622E1BE46008B7C61 /* Info.plist */ = {isa = PBXFileReference; lastKnownFileType = text.plist.xml; path = Info.plist; sourceTree = "<group>"; };
		9762B70D07AC54780E080808 /* Pods_LeoExample.framework */ = {isa = PBXFileReference; explicitFileType = wrapper.framework; includeInIndex = 0; path = Pods_LeoExample.framework; sourceTree = BUILT_PRODUCTS_DIR; };
		9A5E827B22EFF11D0089C626 /* SwiftGen.sh */ = {isa = PBXFileReference; fileEncoding = 4; lastKnownFileType = text.script.sh; path = SwiftGen.sh; sourceTree = "<group>"; };
		9A5E827E22EFF29D0089C626 /* Localizable.strings */ = {isa = PBXFileReference; lastKnownFileType = text.plist.strings; path = Localizable.strings; sourceTree = "<group>"; };
		9A5E828022EFFBB90089C626 /* Strings.swift */ = {isa = PBXFileReference; fileEncoding = 4; lastKnownFileType = sourcecode.swift; path = Strings.swift; sourceTree = "<group>"; };
		9A5E828322F039790089C626 /* AccountStatus.swift */ = {isa = PBXFileReference; lastKnownFileType = sourcecode.swift; path = AccountStatus.swift; sourceTree = "<group>"; };
		9A82E759230AAB0100C67B1C /* RegistrationViewModel.swift */ = {isa = PBXFileReference; lastKnownFileType = sourcecode.swift; path = RegistrationViewModel.swift; sourceTree = "<group>"; };
		9A82E75B230AAB1900C67B1C /* RegistrationViewController.swift */ = {isa = PBXFileReference; lastKnownFileType = sourcecode.swift; path = RegistrationViewController.swift; sourceTree = "<group>"; };
		9A82E75D230AABAD00C67B1C /* RegistrationViewController.xib */ = {isa = PBXFileReference; fileEncoding = 4; lastKnownFileType = file.xib; path = RegistrationViewController.xib; sourceTree = "<group>"; };
		9A82E75F230AAC7300C67B1C /* RegistrationCoordinator.swift */ = {isa = PBXFileReference; lastKnownFileType = sourcecode.swift; path = RegistrationCoordinator.swift; sourceTree = "<group>"; };
		9A82E761230AB44800C67B1C /* SignInResponse.swift */ = {isa = PBXFileReference; lastKnownFileType = sourcecode.swift; path = SignInResponse.swift; sourceTree = "<group>"; };
		9A82E764230AB4D300C67B1C /* AuthInfoDTO.swift */ = {isa = PBXFileReference; lastKnownFileType = sourcecode.swift; path = AuthInfoDTO.swift; sourceTree = "<group>"; };
		9A82E766230D0F9700C67B1C /* TokenResponse.swift */ = {isa = PBXFileReference; lastKnownFileType = sourcecode.swift; path = TokenResponse.swift; sourceTree = "<group>"; };
		9A82E76A230E4DB500C67B1C /* UserRegistrationInfoDTO.swift */ = {isa = PBXFileReference; lastKnownFileType = sourcecode.swift; path = UserRegistrationInfoDTO.swift; sourceTree = "<group>"; };
		9AA92A6B230E98D100B64658 /* CursorRequestParameters.swift */ = {isa = PBXFileReference; lastKnownFileType = sourcecode.swift; path = CursorRequestParameters.swift; sourceTree = "<group>"; };
		9AA92A6D230E9FB900B64658 /* News.swift */ = {isa = PBXFileReference; lastKnownFileType = sourcecode.swift; path = News.swift; sourceTree = "<group>"; };
		9AA92A6F230EA08800B64658 /* NewsCell.xib */ = {isa = PBXFileReference; lastKnownFileType = file.xib; path = NewsCell.xib; sourceTree = "<group>"; };
		9AA92A71230EA0DA00B64658 /* NewsCell.swift */ = {isa = PBXFileReference; lastKnownFileType = sourcecode.swift; path = NewsCell.swift; sourceTree = "<group>"; };
		9AA92A74230EB2E400B64658 /* NewsViewModel.swift */ = {isa = PBXFileReference; lastKnownFileType = sourcecode.swift; path = NewsViewModel.swift; sourceTree = "<group>"; };
		9AA92A85230FCAA300B64658 /* Cursor.swift */ = {isa = PBXFileReference; lastKnownFileType = sourcecode.swift; path = Cursor.swift; sourceTree = "<group>"; };
		9AA92A87230FCB2B00B64658 /* NewsServiceError.swift */ = {isa = PBXFileReference; lastKnownFileType = sourcecode.swift; path = NewsServiceError.swift; sourceTree = "<group>"; };
		9AA92A8A230FD1AA00B64658 /* NewsDTO.swift */ = {isa = PBXFileReference; lastKnownFileType = sourcecode.swift; path = NewsDTO.swift; sourceTree = "<group>"; };
		9AA92A8D230FFDF000B64658 /* NewsResponse.swift */ = {isa = PBXFileReference; lastKnownFileType = sourcecode.swift; path = NewsResponse.swift; sourceTree = "<group>"; };
		9AE179AA22F1B811006DECBD /* LeoProviderError+Localization.swift */ = {isa = PBXFileReference; lastKnownFileType = sourcecode.swift; path = "LeoProviderError+Localization.swift"; sourceTree = "<group>"; };
		9AEB96E022E9906A0060E6F8 /* AccountService.swift */ = {isa = PBXFileReference; fileEncoding = 4; lastKnownFileType = sourcecode.swift; path = AccountService.swift; sourceTree = "<group>"; };
		9AEB96E322E990750060E6F8 /* AppCoordinator.swift */ = {isa = PBXFileReference; fileEncoding = 4; lastKnownFileType = sourcecode.swift; path = AppCoordinator.swift; sourceTree = "<group>"; };
		9AEB96E422E990750060E6F8 /* AppContext.swift */ = {isa = PBXFileReference; fileEncoding = 4; lastKnownFileType = sourcecode.swift; path = AppContext.swift; sourceTree = "<group>"; };
		9AEB96E822E990C10060E6F8 /* AuthenticationCoordinator.swift */ = {isa = PBXFileReference; fileEncoding = 4; lastKnownFileType = sourcecode.swift; path = AuthenticationCoordinator.swift; sourceTree = "<group>"; };
		9AEB96EE22E990D80060E6F8 /* MainCoordinator.swift */ = {isa = PBXFileReference; fileEncoding = 4; lastKnownFileType = sourcecode.swift; path = MainCoordinator.swift; sourceTree = "<group>"; };
		9AEB96F222E991550060E6F8 /* MainViewController.swift */ = {isa = PBXFileReference; fileEncoding = 4; lastKnownFileType = sourcecode.swift; path = MainViewController.swift; sourceTree = "<group>"; };
		9AEB96F322E991550060E6F8 /* MainViewController.xib */ = {isa = PBXFileReference; fileEncoding = 4; lastKnownFileType = file.xib; path = MainViewController.xib; sourceTree = "<group>"; };
		9AEB96F622E9915E0060E6F8 /* AuthenticationViewController.swift */ = {isa = PBXFileReference; fileEncoding = 4; lastKnownFileType = sourcecode.swift; path = AuthenticationViewController.swift; sourceTree = "<group>"; };
		9AEB96F722E9915E0060E6F8 /* AuthenticationViewController.xib */ = {isa = PBXFileReference; fileEncoding = 4; lastKnownFileType = file.xib; path = AuthenticationViewController.xib; sourceTree = "<group>"; };
		9AEB970022E9961C0060E6F8 /* AuthentificationTarget.swift */ = {isa = PBXFileReference; lastKnownFileType = sourcecode.swift; path = AuthentificationTarget.swift; sourceTree = "<group>"; };
		9AEB970222E997170060E6F8 /* LeoTargetType.swift */ = {isa = PBXFileReference; lastKnownFileType = sourcecode.swift; path = LeoTargetType.swift; sourceTree = "<group>"; };
		9AEB970722E9B8900060E6F8 /* AuthenticationViewModel.swift */ = {isa = PBXFileReference; lastKnownFileType = sourcecode.swift; path = AuthenticationViewModel.swift; sourceTree = "<group>"; };
		9AEB972E22EAF6500060E6F8 /* TestPlugin.swift */ = {isa = PBXFileReference; lastKnownFileType = sourcecode.swift; path = TestPlugin.swift; sourceTree = "<group>"; };
		9AEB973622EB26610060E6F8 /* String+Edit.swift */ = {isa = PBXFileReference; lastKnownFileType = sourcecode.swift; path = "String+Edit.swift"; sourceTree = "<group>"; };
		9AEB974C22EEAE1E0060E6F8 /* AccountStorage.swift */ = {isa = PBXFileReference; lastKnownFileType = sourcecode.swift; path = AccountStorage.swift; sourceTree = "<group>"; };
		9AEB975322EEC1520060E6F8 /* KeychainStorage.swift */ = {isa = PBXFileReference; fileEncoding = 4; lastKnownFileType = sourcecode.swift; path = KeychainStorage.swift; sourceTree = "<group>"; };
		9AEB976922EF05810060E6F8 /* NewsService.swift */ = {isa = PBXFileReference; lastKnownFileType = sourcecode.swift; path = NewsService.swift; sourceTree = "<group>"; };
		9AEB976D22EF05C00060E6F8 /* NewsTarget.swift */ = {isa = PBXFileReference; lastKnownFileType = sourcecode.swift; path = NewsTarget.swift; sourceTree = "<group>"; };
		9AEB977122EF12C40060E6F8 /* TokenRequestParameters.swift */ = {isa = PBXFileReference; lastKnownFileType = sourcecode.swift; path = TokenRequestParameters.swift; sourceTree = "<group>"; };
		9AEDD4F922F2E5D500F3AF43 /* LeoApiError+Localization.swift */ = {isa = PBXFileReference; lastKnownFileType = sourcecode.swift; path = "LeoApiError+Localization.swift"; sourceTree = "<group>"; };
		9AEDD4FB22F2E7FF00F3AF43 /* MoyaError+Localization.swift */ = {isa = PBXFileReference; lastKnownFileType = sourcecode.swift; path = "MoyaError+Localization.swift"; sourceTree = "<group>"; };
		9AEDD4FD22F3EF7300F3AF43 /* AccountServiceError.swift */ = {isa = PBXFileReference; lastKnownFileType = sourcecode.swift; path = AccountServiceError.swift; sourceTree = "<group>"; };
		E1EFD6034E2624F85B7F9F0D /* Pods-LeoExample.debug.xcconfig */ = {isa = PBXFileReference; includeInIndex = 1; lastKnownFileType = text.xcconfig; name = "Pods-LeoExample.debug.xcconfig"; path = "Target Support Files/Pods-LeoExample/Pods-LeoExample.debug.xcconfig"; sourceTree = "<group>"; };
		EFCAE8C8211781DD13A0E565 /* Pods-LeoExample.release.xcconfig */ = {isa = PBXFileReference; includeInIndex = 1; lastKnownFileType = text.xcconfig; name = "Pods-LeoExample.release.xcconfig"; path = "Target Support Files/Pods-LeoExample/Pods-LeoExample.release.xcconfig"; sourceTree = "<group>"; };
/* End PBXFileReference section */

/* Begin PBXFrameworksBuildPhase section */
		8D4546F422E1BE45008B7C61 /* Frameworks */ = {
			isa = PBXFrameworksBuildPhase;
			buildActionMask = 2147483647;
			files = (
				95FC6AB06031FBCEEE0DE6B7 /* Pods_LeoExample.framework in Frameworks */,
			);
			runOnlyForDeploymentPostprocessing = 0;
		};
/* End PBXFrameworksBuildPhase section */

/* Begin PBXGroup section */
		8D4546EE22E1BE45008B7C61 = {
			isa = PBXGroup;
			children = (
				8D4546F922E1BE45008B7C61 /* LeoExample */,
				8D4546F822E1BE45008B7C61 /* Products */,
				BF8D357137A633E22A9BD93E /* Pods */,
				C54166D518D59105F037FF6E /* Frameworks */,
			);
			sourceTree = "<group>";
		};
		8D4546F822E1BE45008B7C61 /* Products */ = {
			isa = PBXGroup;
			children = (
				8D4546F722E1BE45008B7C61 /* LeoExample.app */,
			);
			name = Products;
			sourceTree = "<group>";
		};
		8D4546F922E1BE45008B7C61 /* LeoExample */ = {
			isa = PBXGroup;
			children = (
				9A5E827A22EFF0F60089C626 /* Constants */,
				9AEB96DE22E98FD80060E6F8 /* ApplicationLayer */,
				9AEB974E22EEAEE60060E6F8 /* BusinessLogicLayer */,
				9AEB96D422E98F0A0060E6F8 /* Configuration */,
				9AEB973522EB26460060E6F8 /* Extensions */,
				9AEB96FB22E995230060E6F8 /* NetworkLayer */,
				9AEB96D622E98F3C0060E6F8 /* Resources */,
				9AEB96DF22E98FE20060E6F8 /* Services */,
				9AEB974922EEAD9F0060E6F8 /* Storages */,
				9AEB96D522E98F1C0060E6F8 /* Workflows */,
			);
			path = LeoExample;
			sourceTree = "<group>";
		};
		9A5E827A22EFF0F60089C626 /* Constants */ = {
			isa = PBXGroup;
			children = (
				9A5E828022EFFBB90089C626 /* Strings.swift */,
			);
			path = Constants;
			sourceTree = "<group>";
		};
		9A5E828222F039610089C626 /* Responses */ = {
			isa = PBXGroup;
			children = (
				9A5E828322F039790089C626 /* AccountStatus.swift */,
				9A82E761230AB44800C67B1C /* SignInResponse.swift */,
				9A82E766230D0F9700C67B1C /* TokenResponse.swift */,
				9AA92A8D230FFDF000B64658 /* NewsResponse.swift */,
			);
			path = Responses;
			sourceTree = "<group>";
		};
		9A82E756230AAABC00C67B1C /* Registration */ = {
			isa = PBXGroup;
			children = (
				9A82E758230AAAE500C67B1C /* ViewModel */,
				9A82E757230AAADD00C67B1C /* Views */,
				9A82E75F230AAC7300C67B1C /* RegistrationCoordinator.swift */,
			);
			path = Registration;
			sourceTree = "<group>";
		};
		9A82E757230AAADD00C67B1C /* Views */ = {
			isa = PBXGroup;
			children = (
				9A82E75D230AABAD00C67B1C /* RegistrationViewController.xib */,
				9A82E75B230AAB1900C67B1C /* RegistrationViewController.swift */,
			);
			path = Views;
			sourceTree = "<group>";
		};
		9A82E758230AAAE500C67B1C /* ViewModel */ = {
			isa = PBXGroup;
			children = (
				9A82E759230AAB0100C67B1C /* RegistrationViewModel.swift */,
			);
			path = ViewModel;
			sourceTree = "<group>";
		};
		9A82E76C230E4DD000C67B1C /* User */ = {
			isa = PBXGroup;
			children = (
				9A82E76A230E4DB500C67B1C /* UserRegistrationInfoDTO.swift */,
			);
			path = User;
			sourceTree = "<group>";
		};
		9A82E76D230E4DF400C67B1C /* Auth */ = {
			isa = PBXGroup;
			children = (
				9A82E764230AB4D300C67B1C /* AuthInfoDTO.swift */,
			);
			path = Auth;
			sourceTree = "<group>";
		};
		9AA92A73230EB2D400B64658 /* ViewModel */ = {
			isa = PBXGroup;
			children = (
				9AA92A74230EB2E400B64658 /* NewsViewModel.swift */,
			);
			path = ViewModel;
			sourceTree = "<group>";
		};
		9AA92A89230FD19B00B64658 /* News */ = {
			isa = PBXGroup;
			children = (
				9AA92A8A230FD1AA00B64658 /* NewsDTO.swift */,
			);
			path = News;
			sourceTree = "<group>";
		};
		9AE179A922F1B7F4006DECBD /* Errors */ = {
			isa = PBXGroup;
			children = (
				9AE179AA22F1B811006DECBD /* LeoProviderError+Localization.swift */,
				9AEDD4F922F2E5D500F3AF43 /* LeoApiError+Localization.swift */,
				9AEDD4FB22F2E7FF00F3AF43 /* MoyaError+Localization.swift */,
			);
			path = Errors;
			sourceTree = "<group>";
		};
		9AEB96D422E98F0A0060E6F8 /* Configuration */ = {
			isa = PBXGroup;
			children = (
				9A5E827B22EFF11D0089C626 /* SwiftGen.sh */,
				8D45470622E1BE46008B7C61 /* Info.plist */,
			);
			path = Configuration;
			sourceTree = "<group>";
		};
		9AEB96D522E98F1C0060E6F8 /* Workflows */ = {
			isa = PBXGroup;
			children = (
				9AEB96D722E98F650060E6F8 /* Authentication */,
				9A82E756230AAABC00C67B1C /* Registration */,
				9AEB96D822E98F700060E6F8 /* Main */,
			);
			path = Workflows;
			sourceTree = "<group>";
		};
		9AEB96D622E98F3C0060E6F8 /* Resources */ = {
			isa = PBXGroup;
			children = (
				8D45470122E1BE46008B7C61 /* Assets.xcassets */,
				8D45470322E1BE46008B7C61 /* LaunchScreen.storyboard */,
				9A5E827E22EFF29D0089C626 /* Localizable.strings */,
			);
			path = Resources;
			sourceTree = "<group>";
		};
		9AEB96D722E98F650060E6F8 /* Authentication */ = {
			isa = PBXGroup;
			children = (
				9AEB970C22E9B9E60060E6F8 /* ViewModel */,
				9AEB96EC22E990CA0060E6F8 /* Views */,
				9AEB96E822E990C10060E6F8 /* AuthenticationCoordinator.swift */,
			);
			path = Authentication;
			sourceTree = "<group>";
		};
		9AEB96D822E98F700060E6F8 /* Main */ = {
			isa = PBXGroup;
			children = (
				9AA92A73230EB2D400B64658 /* ViewModel */,
				9AEB96F122E990DF0060E6F8 /* Views */,
				9AEB96EE22E990D80060E6F8 /* MainCoordinator.swift */,
			);
			path = Main;
			sourceTree = "<group>";
		};
		9AEB96DE22E98FD80060E6F8 /* ApplicationLayer */ = {
			isa = PBXGroup;
			children = (
				9AEB96E422E990750060E6F8 /* AppContext.swift */,
				9AEB96E322E990750060E6F8 /* AppCoordinator.swift */,
				8D4546FA22E1BE45008B7C61 /* AppDelegate.swift */,
			);
			path = ApplicationLayer;
			sourceTree = "<group>";
		};
		9AEB96DF22E98FE20060E6F8 /* Services */ = {
			isa = PBXGroup;
			children = (
				9AEB96E022E9906A0060E6F8 /* AccountService.swift */,
				9AEDD4FD22F3EF7300F3AF43 /* AccountServiceError.swift */,
				9AEB976922EF05810060E6F8 /* NewsService.swift */,
				9AA92A87230FCB2B00B64658 /* NewsServiceError.swift */,
			);
			path = Services;
			sourceTree = "<group>";
		};
		9AEB96EC22E990CA0060E6F8 /* Views */ = {
			isa = PBXGroup;
			children = (
				9AEB96F622E9915E0060E6F8 /* AuthenticationViewController.swift */,
				9AEB96F722E9915E0060E6F8 /* AuthenticationViewController.xib */,
			);
			path = Views;
			sourceTree = "<group>";
		};
		9AEB96F122E990DF0060E6F8 /* Views */ = {
			isa = PBXGroup;
			children = (
				9AEB96F222E991550060E6F8 /* MainViewController.swift */,
				9AEB96F322E991550060E6F8 /* MainViewController.xib */,
				9AA92A6F230EA08800B64658 /* NewsCell.xib */,
				9AA92A71230EA0DA00B64658 /* NewsCell.swift */,
			);
			path = Views;
			sourceTree = "<group>";
		};
		9AEB96FB22E995230060E6F8 /* NetworkLayer */ = {
			isa = PBXGroup;
			children = (
				9AE179A922F1B7F4006DECBD /* Errors */,
				9AEB96FC22E995450060E6F8 /* Models */,
				9AEB96FD22E9954C0060E6F8 /* Targets */,
				9AEB972B22EAF1820060E6F8 /* Plugins */,
			);
			path = NetworkLayer;
			sourceTree = "<group>";
		};
		9AEB96FC22E995450060E6F8 /* Models */ = {
			isa = PBXGroup;
			children = (
				9AA92A89230FD19B00B64658 /* News */,
				9A82E76D230E4DF400C67B1C /* Auth */,
				9A82E76C230E4DD000C67B1C /* User */,
				9AEB977522EFE5150060E6F8 /* Requests */,
				9A5E828222F039610089C626 /* Responses */,
			);
			path = Models;
			sourceTree = "<group>";
		};
		9AEB96FD22E9954C0060E6F8 /* Targets */ = {
			isa = PBXGroup;
			children = (
				9AEB970022E9961C0060E6F8 /* AuthentificationTarget.swift */,
				9AEB970222E997170060E6F8 /* LeoTargetType.swift */,
				9AEB976D22EF05C00060E6F8 /* NewsTarget.swift */,
			);
			path = Targets;
			sourceTree = "<group>";
		};
		9AEB970C22E9B9E60060E6F8 /* ViewModel */ = {
			isa = PBXGroup;
			children = (
				9AEB970722E9B8900060E6F8 /* AuthenticationViewModel.swift */,
			);
			path = ViewModel;
			sourceTree = "<group>";
		};
		9AEB972B22EAF1820060E6F8 /* Plugins */ = {
			isa = PBXGroup;
			children = (
				9AEB972E22EAF6500060E6F8 /* TestPlugin.swift */,
			);
			path = Plugins;
			sourceTree = "<group>";
		};
		9AEB973522EB26460060E6F8 /* Extensions */ = {
			isa = PBXGroup;
			children = (
				9AEB973622EB26610060E6F8 /* String+Edit.swift */,
			);
			path = Extensions;
			sourceTree = "<group>";
		};
		9AEB974922EEAD9F0060E6F8 /* Storages */ = {
			isa = PBXGroup;
			children = (
				9AEB975322EEC1520060E6F8 /* KeychainStorage.swift */,
				9AEB974C22EEAE1E0060E6F8 /* AccountStorage.swift */,
			);
			path = Storages;
			sourceTree = "<group>";
		};
		9AEB974E22EEAEE60060E6F8 /* BusinessLogicLayer */ = {
			isa = PBXGroup;
			children = (
				9AEB974F22EEAF020060E6F8 /* Models */,
				9AA92A85230FCAA300B64658 /* Cursor.swift */,
			);
			path = BusinessLogicLayer;
			sourceTree = "<group>";
		};
		9AEB974F22EEAF020060E6F8 /* Models */ = {
			isa = PBXGroup;
			children = (
				9AA92A6D230E9FB900B64658 /* News.swift */,
			);
			path = Models;
			sourceTree = "<group>";
		};
		9AEB977522EFE5150060E6F8 /* Requests */ = {
			isa = PBXGroup;
			children = (
				9AEB977122EF12C40060E6F8 /* TokenRequestParameters.swift */,
				9AA92A6B230E98D100B64658 /* CursorRequestParameters.swift */,
			);
			path = Requests;
			sourceTree = "<group>";
		};
		BF8D357137A633E22A9BD93E /* Pods */ = {
			isa = PBXGroup;
			children = (
				E1EFD6034E2624F85B7F9F0D /* Pods-LeoExample.debug.xcconfig */,
				EFCAE8C8211781DD13A0E565 /* Pods-LeoExample.release.xcconfig */,
			);
			path = Pods;
			sourceTree = "<group>";
		};
		C54166D518D59105F037FF6E /* Frameworks */ = {
			isa = PBXGroup;
			children = (
				9762B70D07AC54780E080808 /* Pods_LeoExample.framework */,
			);
			name = Frameworks;
			sourceTree = "<group>";
		};
/* End PBXGroup section */

/* Begin PBXNativeTarget section */
		8D4546F622E1BE45008B7C61 /* LeoExample */ = {
			isa = PBXNativeTarget;
			buildConfigurationList = 8D45470922E1BE46008B7C61 /* Build configuration list for PBXNativeTarget "LeoExample" */;
			buildPhases = (
				0022A96753BEC38AD981650A /* [CP] Check Pods Manifest.lock */,
				9A5E827D22EFF1B80089C626 /* SwiftGen */,
				8D4546F322E1BE45008B7C61 /* Sources */,
				8D4546F422E1BE45008B7C61 /* Frameworks */,
				8D4546F522E1BE45008B7C61 /* Resources */,
				BA60DF7CB0E36FC9307F4D14 /* [CP] Embed Pods Frameworks */,
			);
			buildRules = (
			);
			dependencies = (
			);
			name = LeoExample;
			productName = LeoExample;
			productReference = 8D4546F722E1BE45008B7C61 /* LeoExample.app */;
			productType = "com.apple.product-type.application";
		};
/* End PBXNativeTarget section */

/* Begin PBXProject section */
		8D4546EF22E1BE45008B7C61 /* Project object */ = {
			isa = PBXProject;
			attributes = {
				LastSwiftUpdateCheck = 1020;
				LastUpgradeCheck = 1020;
				ORGANIZATIONNAME = "Yuriy Savitskiy";
				TargetAttributes = {
					8D4546F622E1BE45008B7C61 = {
						CreatedOnToolsVersion = 10.2.1;
					};
				};
			};
			buildConfigurationList = 8D4546F222E1BE45008B7C61 /* Build configuration list for PBXProject "LeoExample" */;
			compatibilityVersion = "Xcode 9.3";
			developmentRegion = en;
			hasScannedForEncodings = 0;
			knownRegions = (
				en,
				Base,
			);
			mainGroup = 8D4546EE22E1BE45008B7C61;
			productRefGroup = 8D4546F822E1BE45008B7C61 /* Products */;
			projectDirPath = "";
			projectRoot = "";
			targets = (
				8D4546F622E1BE45008B7C61 /* LeoExample */,
			);
		};
/* End PBXProject section */

/* Begin PBXResourcesBuildPhase section */
		8D4546F522E1BE45008B7C61 /* Resources */ = {
			isa = PBXResourcesBuildPhase;
			buildActionMask = 2147483647;
			files = (
				8D45470522E1BE46008B7C61 /* LaunchScreen.storyboard in Resources */,
				9A5E827F22EFF29D0089C626 /* Localizable.strings in Resources */,
				9AA92A70230EA08800B64658 /* NewsCell.xib in Resources */,
				9A5E827C22EFF11D0089C626 /* SwiftGen.sh in Resources */,
				9AEB96F922E9915F0060E6F8 /* AuthenticationViewController.xib in Resources */,
				9AEB96F522E991550060E6F8 /* MainViewController.xib in Resources */,
				9A82E75E230AABAD00C67B1C /* RegistrationViewController.xib in Resources */,
				8D45470222E1BE46008B7C61 /* Assets.xcassets in Resources */,
			);
			runOnlyForDeploymentPostprocessing = 0;
		};
/* End PBXResourcesBuildPhase section */

/* Begin PBXShellScriptBuildPhase section */
		0022A96753BEC38AD981650A /* [CP] Check Pods Manifest.lock */ = {
			isa = PBXShellScriptBuildPhase;
			buildActionMask = 2147483647;
			files = (
			);
			inputFileListPaths = (
			);
			inputPaths = (
				"${PODS_PODFILE_DIR_PATH}/Podfile.lock",
				"${PODS_ROOT}/Manifest.lock",
			);
			name = "[CP] Check Pods Manifest.lock";
			outputFileListPaths = (
			);
			outputPaths = (
				"$(DERIVED_FILE_DIR)/Pods-LeoExample-checkManifestLockResult.txt",
			);
			runOnlyForDeploymentPostprocessing = 0;
			shellPath = /bin/sh;
			shellScript = "diff \"${PODS_PODFILE_DIR_PATH}/Podfile.lock\" \"${PODS_ROOT}/Manifest.lock\" > /dev/null\nif [ $? != 0 ] ; then\n    # print error to STDERR\n    echo \"error: The sandbox is not in sync with the Podfile.lock. Run 'pod install' or update your CocoaPods installation.\" >&2\n    exit 1\nfi\n# This output is used by Xcode 'outputs' to avoid re-running this script phase.\necho \"SUCCESS\" > \"${SCRIPT_OUTPUT_FILE_0}\"\n";
			showEnvVarsInLog = 0;
		};
		9A5E827D22EFF1B80089C626 /* SwiftGen */ = {
			isa = PBXShellScriptBuildPhase;
			buildActionMask = 2147483647;
			files = (
			);
			inputFileListPaths = (
			);
			inputPaths = (
			);
			name = SwiftGen;
			outputFileListPaths = (
			);
			outputPaths = (
			);
			runOnlyForDeploymentPostprocessing = 0;
			shellPath = /bin/sh;
			shellScript = "$PROJECT_DIR/$PROJECT_NAME/Configuration/SwiftGen.sh\n";
		};
		BA60DF7CB0E36FC9307F4D14 /* [CP] Embed Pods Frameworks */ = {
			isa = PBXShellScriptBuildPhase;
			buildActionMask = 2147483647;
			files = (
			);
			inputFileListPaths = (
				"${PODS_ROOT}/Target Support Files/Pods-LeoExample/Pods-LeoExample-frameworks-${CONFIGURATION}-input-files.xcfilelist",
			);
			name = "[CP] Embed Pods Frameworks";
			outputFileListPaths = (
				"${PODS_ROOT}/Target Support Files/Pods-LeoExample/Pods-LeoExample-frameworks-${CONFIGURATION}-output-files.xcfilelist",
			);
			runOnlyForDeploymentPostprocessing = 0;
			shellPath = /bin/sh;
			shellScript = "\"${PODS_ROOT}/Target Support Files/Pods-LeoExample/Pods-LeoExample-frameworks.sh\"\n";
			showEnvVarsInLog = 0;
		};
/* End PBXShellScriptBuildPhase section */

/* Begin PBXSourcesBuildPhase section */
		8D4546F322E1BE45008B7C61 /* Sources */ = {
			isa = PBXSourcesBuildPhase;
			buildActionMask = 2147483647;
			files = (
				9AEB970822E9B8900060E6F8 /* AuthenticationViewModel.swift in Sources */,
				9A82E75A230AAB0100C67B1C /* RegistrationViewModel.swift in Sources */,
				9AEB977222EF12C40060E6F8 /* TokenRequestParameters.swift in Sources */,
				9AEDD4FC22F2E7FF00F3AF43 /* MoyaError+Localization.swift in Sources */,
				9AA92A88230FCB2B00B64658 /* NewsServiceError.swift in Sources */,
				9A82E767230D0F9700C67B1C /* TokenResponse.swift in Sources */,
				9A82E762230AB44800C67B1C /* SignInResponse.swift in Sources */,
				9AEB96F422E991550060E6F8 /* MainViewController.swift in Sources */,
				9AEB970322E997170060E6F8 /* LeoTargetType.swift in Sources */,
				9AEDD4FA22F2E5D500F3AF43 /* LeoApiError+Localization.swift in Sources */,
				9AA92A72230EA0DA00B64658 /* NewsCell.swift in Sources */,
				9AA92A75230EB2E400B64658 /* NewsViewModel.swift in Sources */,
				9AEB976E22EF05C00060E6F8 /* NewsTarget.swift in Sources */,
				9AE179AB22F1B811006DECBD /* LeoProviderError+Localization.swift in Sources */,
				9AEB976A22EF05810060E6F8 /* NewsService.swift in Sources */,
				9AEDD4FE22F3EF7300F3AF43 /* AccountServiceError.swift in Sources */,
				9AEB96F822E9915F0060E6F8 /* AuthenticationViewController.swift in Sources */,
				9AA92A6C230E98D100B64658 /* CursorRequestParameters.swift in Sources */,
				9AEB974D22EEAE1E0060E6F8 /* AccountStorage.swift in Sources */,
				9AEB96EA22E990C10060E6F8 /* AuthenticationCoordinator.swift in Sources */,
				9AA92A8E230FFDF000B64658 /* NewsResponse.swift in Sources */,
				9AA92A6E230E9FB900B64658 /* News.swift in Sources */,
				9AEB96F022E990D80060E6F8 /* MainCoordinator.swift in Sources */,
				9AEB972F22EAF6500060E6F8 /* TestPlugin.swift in Sources */,
				9A82E76B230E4DB500C67B1C /* UserRegistrationInfoDTO.swift in Sources */,
				9A82E765230AB4D300C67B1C /* AuthInfoDTO.swift in Sources */,
				9AA92A86230FCAA300B64658 /* Cursor.swift in Sources */,
				9AEB96E722E990750060E6F8 /* AppContext.swift in Sources */,
				9AEB96E122E9906A0060E6F8 /* AccountService.swift in Sources */,
				9AEB96E622E990750060E6F8 /* AppCoordinator.swift in Sources */,
				9AEB973722EB26610060E6F8 /* String+Edit.swift in Sources */,
				9A82E75C230AAB1900C67B1C /* RegistrationViewController.swift in Sources */,
				9AEB970122E9961C0060E6F8 /* AuthentificationTarget.swift in Sources */,
				8D4546FB22E1BE45008B7C61 /* AppDelegate.swift in Sources */,
				9AEB975422EEC1520060E6F8 /* KeychainStorage.swift in Sources */,
				9AA92A8B230FD1AA00B64658 /* NewsDTO.swift in Sources */,
				9A5E828122EFFBB90089C626 /* Strings.swift in Sources */,
				9A82E760230AAC7300C67B1C /* RegistrationCoordinator.swift in Sources */,
				9A5E828422F039790089C626 /* AccountStatus.swift in Sources */,
			);
			runOnlyForDeploymentPostprocessing = 0;
		};
/* End PBXSourcesBuildPhase section */

/* Begin PBXVariantGroup section */
		8D45470322E1BE46008B7C61 /* LaunchScreen.storyboard */ = {
			isa = PBXVariantGroup;
			children = (
				8D45470422E1BE46008B7C61 /* Base */,
			);
			name = LaunchScreen.storyboard;
			sourceTree = "<group>";
		};
/* End PBXVariantGroup section */

/* Begin XCBuildConfiguration section */
		8D45470722E1BE46008B7C61 /* Debug */ = {
			isa = XCBuildConfiguration;
			buildSettings = {
				ALWAYS_SEARCH_USER_PATHS = NO;
				CLANG_ANALYZER_NONNULL = YES;
				CLANG_ANALYZER_NUMBER_OBJECT_CONVERSION = YES_AGGRESSIVE;
				CLANG_CXX_LANGUAGE_STANDARD = "gnu++14";
				CLANG_CXX_LIBRARY = "libc++";
				CLANG_ENABLE_MODULES = YES;
				CLANG_ENABLE_OBJC_ARC = YES;
				CLANG_ENABLE_OBJC_WEAK = YES;
				CLANG_WARN_BLOCK_CAPTURE_AUTORELEASING = YES;
				CLANG_WARN_BOOL_CONVERSION = YES;
				CLANG_WARN_COMMA = YES;
				CLANG_WARN_CONSTANT_CONVERSION = YES;
				CLANG_WARN_DEPRECATED_OBJC_IMPLEMENTATIONS = YES;
				CLANG_WARN_DIRECT_OBJC_ISA_USAGE = YES_ERROR;
				CLANG_WARN_DOCUMENTATION_COMMENTS = YES;
				CLANG_WARN_EMPTY_BODY = YES;
				CLANG_WARN_ENUM_CONVERSION = YES;
				CLANG_WARN_INFINITE_RECURSION = YES;
				CLANG_WARN_INT_CONVERSION = YES;
				CLANG_WARN_NON_LITERAL_NULL_CONVERSION = YES;
				CLANG_WARN_OBJC_IMPLICIT_RETAIN_SELF = YES;
				CLANG_WARN_OBJC_LITERAL_CONVERSION = YES;
				CLANG_WARN_OBJC_ROOT_CLASS = YES_ERROR;
				CLANG_WARN_RANGE_LOOP_ANALYSIS = YES;
				CLANG_WARN_STRICT_PROTOTYPES = YES;
				CLANG_WARN_SUSPICIOUS_MOVE = YES;
				CLANG_WARN_UNGUARDED_AVAILABILITY = YES_AGGRESSIVE;
				CLANG_WARN_UNREACHABLE_CODE = YES;
				CLANG_WARN__DUPLICATE_METHOD_MATCH = YES;
				CODE_SIGN_IDENTITY = "iPhone Developer";
				COPY_PHASE_STRIP = NO;
				DEBUG_INFORMATION_FORMAT = dwarf;
				ENABLE_STRICT_OBJC_MSGSEND = YES;
				ENABLE_TESTABILITY = YES;
				GCC_C_LANGUAGE_STANDARD = gnu11;
				GCC_DYNAMIC_NO_PIC = NO;
				GCC_NO_COMMON_BLOCKS = YES;
				GCC_OPTIMIZATION_LEVEL = 0;
				GCC_PREPROCESSOR_DEFINITIONS = (
					"DEBUG=1",
					"$(inherited)",
				);
				GCC_WARN_64_TO_32_BIT_CONVERSION = YES;
				GCC_WARN_ABOUT_RETURN_TYPE = YES_ERROR;
				GCC_WARN_UNDECLARED_SELECTOR = YES;
				GCC_WARN_UNINITIALIZED_AUTOS = YES_AGGRESSIVE;
				GCC_WARN_UNUSED_FUNCTION = YES;
				GCC_WARN_UNUSED_VARIABLE = YES;
				IPHONEOS_DEPLOYMENT_TARGET = 12.2;
				MTL_ENABLE_DEBUG_INFO = INCLUDE_SOURCE;
				MTL_FAST_MATH = YES;
				ONLY_ACTIVE_ARCH = YES;
				SDKROOT = iphoneos;
				SWIFT_ACTIVE_COMPILATION_CONDITIONS = DEBUG;
				SWIFT_OPTIMIZATION_LEVEL = "-Onone";
			};
			name = Debug;
		};
		8D45470822E1BE46008B7C61 /* Release */ = {
			isa = XCBuildConfiguration;
			buildSettings = {
				ALWAYS_SEARCH_USER_PATHS = NO;
				CLANG_ANALYZER_NONNULL = YES;
				CLANG_ANALYZER_NUMBER_OBJECT_CONVERSION = YES_AGGRESSIVE;
				CLANG_CXX_LANGUAGE_STANDARD = "gnu++14";
				CLANG_CXX_LIBRARY = "libc++";
				CLANG_ENABLE_MODULES = YES;
				CLANG_ENABLE_OBJC_ARC = YES;
				CLANG_ENABLE_OBJC_WEAK = YES;
				CLANG_WARN_BLOCK_CAPTURE_AUTORELEASING = YES;
				CLANG_WARN_BOOL_CONVERSION = YES;
				CLANG_WARN_COMMA = YES;
				CLANG_WARN_CONSTANT_CONVERSION = YES;
				CLANG_WARN_DEPRECATED_OBJC_IMPLEMENTATIONS = YES;
				CLANG_WARN_DIRECT_OBJC_ISA_USAGE = YES_ERROR;
				CLANG_WARN_DOCUMENTATION_COMMENTS = YES;
				CLANG_WARN_EMPTY_BODY = YES;
				CLANG_WARN_ENUM_CONVERSION = YES;
				CLANG_WARN_INFINITE_RECURSION = YES;
				CLANG_WARN_INT_CONVERSION = YES;
				CLANG_WARN_NON_LITERAL_NULL_CONVERSION = YES;
				CLANG_WARN_OBJC_IMPLICIT_RETAIN_SELF = YES;
				CLANG_WARN_OBJC_LITERAL_CONVERSION = YES;
				CLANG_WARN_OBJC_ROOT_CLASS = YES_ERROR;
				CLANG_WARN_RANGE_LOOP_ANALYSIS = YES;
				CLANG_WARN_STRICT_PROTOTYPES = YES;
				CLANG_WARN_SUSPICIOUS_MOVE = YES;
				CLANG_WARN_UNGUARDED_AVAILABILITY = YES_AGGRESSIVE;
				CLANG_WARN_UNREACHABLE_CODE = YES;
				CLANG_WARN__DUPLICATE_METHOD_MATCH = YES;
				CODE_SIGN_IDENTITY = "iPhone Developer";
				COPY_PHASE_STRIP = NO;
				DEBUG_INFORMATION_FORMAT = "dwarf-with-dsym";
				ENABLE_NS_ASSERTIONS = NO;
				ENABLE_STRICT_OBJC_MSGSEND = YES;
				GCC_C_LANGUAGE_STANDARD = gnu11;
				GCC_NO_COMMON_BLOCKS = YES;
				GCC_WARN_64_TO_32_BIT_CONVERSION = YES;
				GCC_WARN_ABOUT_RETURN_TYPE = YES_ERROR;
				GCC_WARN_UNDECLARED_SELECTOR = YES;
				GCC_WARN_UNINITIALIZED_AUTOS = YES_AGGRESSIVE;
				GCC_WARN_UNUSED_FUNCTION = YES;
				GCC_WARN_UNUSED_VARIABLE = YES;
				IPHONEOS_DEPLOYMENT_TARGET = 12.2;
				MTL_ENABLE_DEBUG_INFO = NO;
				MTL_FAST_MATH = YES;
				SDKROOT = iphoneos;
				SWIFT_COMPILATION_MODE = wholemodule;
				SWIFT_OPTIMIZATION_LEVEL = "-O";
				VALIDATE_PRODUCT = YES;
			};
			name = Release;
		};
		8D45470A22E1BE46008B7C61 /* Debug */ = {
			isa = XCBuildConfiguration;
			baseConfigurationReference = E1EFD6034E2624F85B7F9F0D /* Pods-LeoExample.debug.xcconfig */;
			buildSettings = {
				ASSETCATALOG_COMPILER_APPICON_NAME = AppIcon;
				CODE_SIGN_STYLE = Automatic;
				DEVELOPMENT_TEAM = 65B5B68C2U;
				INFOPLIST_FILE = LeoExample/Configuration/Info.plist;
				IPHONEOS_DEPLOYMENT_TARGET = 10.0;
				LD_RUNPATH_SEARCH_PATHS = (
					"$(inherited)",
					"@executable_path/Frameworks",
				);
				PRODUCT_BUNDLE_IDENTIFIER = "com.magora-team.LeoExample";
				PRODUCT_NAME = "$(TARGET_NAME)";
				SWIFT_VERSION = 5.0;
				TARGETED_DEVICE_FAMILY = 1;
			};
			name = Debug;
		};
		8D45470B22E1BE46008B7C61 /* Release */ = {
			isa = XCBuildConfiguration;
			baseConfigurationReference = EFCAE8C8211781DD13A0E565 /* Pods-LeoExample.release.xcconfig */;
			buildSettings = {
				ASSETCATALOG_COMPILER_APPICON_NAME = AppIcon;
				CODE_SIGN_STYLE = Automatic;
				DEVELOPMENT_TEAM = 65B5B68C2U;
				INFOPLIST_FILE = LeoExample/Configuration/Info.plist;
				IPHONEOS_DEPLOYMENT_TARGET = 10.0;
				LD_RUNPATH_SEARCH_PATHS = (
					"$(inherited)",
					"@executable_path/Frameworks",
				);
				PRODUCT_BUNDLE_IDENTIFIER = "com.magora-team.LeoExample";
				PRODUCT_NAME = "$(TARGET_NAME)";
				SWIFT_VERSION = 5.0;
				TARGETED_DEVICE_FAMILY = 1;
			};
			name = Release;
		};
/* End XCBuildConfiguration section */

/* Begin XCConfigurationList section */
		8D4546F222E1BE45008B7C61 /* Build configuration list for PBXProject "LeoExample" */ = {
			isa = XCConfigurationList;
			buildConfigurations = (
				8D45470722E1BE46008B7C61 /* Debug */,
				8D45470822E1BE46008B7C61 /* Release */,
			);
			defaultConfigurationIsVisible = 0;
			defaultConfigurationName = Release;
		};
		8D45470922E1BE46008B7C61 /* Build configuration list for PBXNativeTarget "LeoExample" */ = {
			isa = XCConfigurationList;
			buildConfigurations = (
				8D45470A22E1BE46008B7C61 /* Debug */,
				8D45470B22E1BE46008B7C61 /* Release */,
			);
			defaultConfigurationIsVisible = 0;
			defaultConfigurationName = Release;
		};
/* End XCConfigurationList section */
	};
	rootObject = 8D4546EF22E1BE45008B7C61 /* Project object */;
}
