// !$*UTF8*$!
{
	archiveVersion = 1;
	classes = {
	};
	objectVersion = 46;
	objects = {

/* Begin PBXBuildFile section */
		247FC57149D27615BECA8B51 /* Pods_LEONetworkLayer_Example.framework in Frameworks */ = {isa = PBXBuildFile; fileRef = 551E7ED57F89D3BE23A92721 /* Pods_LEONetworkLayer_Example.framework */; };
		24B8F18D3C4CAB431D822E58 /* Pods_LEONetworkLayer_Tests.framework in Frameworks */ = {isa = PBXBuildFile; fileRef = 16646520E7F708EB64BFFF25 /* Pods_LEONetworkLayer_Tests.framework */; };
		607FACEC1AFB9204008FA782 /* Tests.swift in Sources */ = {isa = PBXBuildFile; fileRef = 607FACEB1AFB9204008FA782 /* Tests.swift */; };
		C728E3EB2047E27500345B69 /* Error+ApiBusinessError.swift in Sources */ = {isa = PBXBuildFile; fileRef = C728E3E82047E27500345B69 /* Error+ApiBusinessError.swift */; };
		C728E3EC2047E27500345B69 /* Error+NoInternet.swift in Sources */ = {isa = PBXBuildFile; fileRef = C728E3E92047E27500345B69 /* Error+NoInternet.swift */; };
		C728E3ED2047E27500345B69 /* BusinessError.swift in Sources */ = {isa = PBXBuildFile; fileRef = C728E3EA2047E27500345B69 /* BusinessError.swift */; };
		C760D60F202018D100486C9E /* LEORouter.swift in Sources */ = {isa = PBXBuildFile; fileRef = C760D60E202018D100486C9E /* LEORouter.swift */; };
		C760D611202018D700486C9E /* LEOProvider.swift in Sources */ = {isa = PBXBuildFile; fileRef = C760D610202018D700486C9E /* LEOProvider.swift */; };
		C76DC384205A5A2A00C04868 /* UploadService.swift in Sources */ = {isa = PBXBuildFile; fileRef = C76DC382205A5A2A00C04868 /* UploadService.swift */; };
		C76DC385205A5A2A00C04868 /* ResourcesService.swift in Sources */ = {isa = PBXBuildFile; fileRef = C76DC383205A5A2A00C04868 /* ResourcesService.swift */; };
		C76DC388205A5B0F00C04868 /* ExampleViewModel.swift in Sources */ = {isa = PBXBuildFile; fileRef = C76DC387205A5B0F00C04868 /* ExampleViewModel.swift */; };
		C76DC38A205A5DF300C04868 /* ResourceRouter.swift in Sources */ = {isa = PBXBuildFile; fileRef = C76DC389205A5DF300C04868 /* ResourceRouter.swift */; };
		C77292E52033FEE300CB4F13 /* SignUpRequest.swift in Sources */ = {isa = PBXBuildFile; fileRef = C77292E02033FEE300CB4F13 /* SignUpRequest.swift */; };
		C77292E62033FEE300CB4F13 /* SignInRequest.swift in Sources */ = {isa = PBXBuildFile; fileRef = C77292E12033FEE300CB4F13 /* SignInRequest.swift */; };
		C77292E72033FEE300CB4F13 /* CreatePasswordResponse.swift in Sources */ = {isa = PBXBuildFile; fileRef = C77292E32033FEE300CB4F13 /* CreatePasswordResponse.swift */; };
		C77292E82033FEE300CB4F13 /* ResetPasswordResponse.swift in Sources */ = {isa = PBXBuildFile; fileRef = C77292E42033FEE300CB4F13 /* ResetPasswordResponse.swift */; };
		C7A2739420357CC600506C79 /* KeyValueStorage.swift in Sources */ = {isa = PBXBuildFile; fileRef = C7A2739020357CC600506C79 /* KeyValueStorage.swift */; };
		C7A2739520357CC600506C79 /* KeychainStorage.swift in Sources */ = {isa = PBXBuildFile; fileRef = C7A2739120357CC600506C79 /* KeychainStorage.swift */; };
		C7A2739620357CC600506C79 /* UserDefaultsStorage.swift in Sources */ = {isa = PBXBuildFile; fileRef = C7A2739220357CC600506C79 /* UserDefaultsStorage.swift */; };
		C7A2739720357CC600506C79 /* KeyValueStorageKey.swift in Sources */ = {isa = PBXBuildFile; fileRef = C7A2739320357CC600506C79 /* KeyValueStorageKey.swift */; };
		C7A273A5203589FF00506C79 /* AppCoordinator.swift in Sources */ = {isa = PBXBuildFile; fileRef = C7A273A3203589FF00506C79 /* AppCoordinator.swift */; };
		C7A273A6203589FF00506C79 /* AppContext.swift in Sources */ = {isa = PBXBuildFile; fileRef = C7A273A4203589FF00506C79 /* AppContext.swift */; };
		C7A273AA20358A5900506C79 /* BaseCoordinator.swift in Sources */ = {isa = PBXBuildFile; fileRef = C7A273A820358A5900506C79 /* BaseCoordinator.swift */; };
		C7A273AB20358A5900506C79 /* Coordinator.swift in Sources */ = {isa = PBXBuildFile; fileRef = C7A273A920358A5900506C79 /* Coordinator.swift */; };
		C7A273AE20358A8D00506C79 /* UIWindow+ChangeRoot.swift in Sources */ = {isa = PBXBuildFile; fileRef = C7A273AD20358A8D00506C79 /* UIWindow+ChangeRoot.swift */; };
		C7A621BC2032D38B006ED490 /* Log.swift in Sources */ = {isa = PBXBuildFile; fileRef = C7A621BB2032D38B006ED490 /* Log.swift */; };
		C7A621C62032E7BB006ED490 /* CommonError.swift in Sources */ = {isa = PBXBuildFile; fileRef = C7A621C32032E7BB006ED490 /* CommonError.swift */; };
		C7A621C72032E7BB006ED490 /* ErrorObject.swift in Sources */ = {isa = PBXBuildFile; fileRef = C7A621C42032E7BB006ED490 /* ErrorObject.swift */; };
		C7A621C82032E7BB006ED490 /* ErrorObjectProvider.swift in Sources */ = {isa = PBXBuildFile; fileRef = C7A621C52032E7BB006ED490 /* ErrorObjectProvider.swift */; };
		C7A621CA2032F69D006ED490 /* UserProfile.swift in Sources */ = {isa = PBXBuildFile; fileRef = C7A621C92032F69D006ED490 /* UserProfile.swift */; };
		C7A621CC2032F6AF006ED490 /* UserProfile+DTO.swift in Sources */ = {isa = PBXBuildFile; fileRef = C7A621CB2032F6AF006ED490 /* UserProfile+DTO.swift */; };
		C7A621CF2032F773006ED490 /* MediaResource.swift in Sources */ = {isa = PBXBuildFile; fileRef = C7A621CD2032F773006ED490 /* MediaResource.swift */; };
		C7A621D02032F773006ED490 /* MediaResource+LEO.swift in Sources */ = {isa = PBXBuildFile; fileRef = C7A621CE2032F773006ED490 /* MediaResource+LEO.swift */; };
		C7C9243A20173A2E00C49B56 /* AppDelegate.swift in Sources */ = {isa = PBXBuildFile; fileRef = C7C9242D20173A2E00C49B56 /* AppDelegate.swift */; };
		C7C9243B20173A2E00C49B56 /* Images.xcassets in Resources */ = {isa = PBXBuildFile; fileRef = C7C9242F20173A2E00C49B56 /* Images.xcassets */; };
		C7C9243D20173A2E00C49B56 /* LaunchScreen.xib in Resources */ = {isa = PBXBuildFile; fileRef = C7C9243520173A2E00C49B56 /* LaunchScreen.xib */; };
		C7C9243E20173A2E00C49B56 /* MainViewController.swift in Sources */ = {isa = PBXBuildFile; fileRef = C7C9243720173A2E00C49B56 /* MainViewController.swift */; };
		C7C9243F20173A2E00C49B56 /* Main.storyboard in Resources */ = {isa = PBXBuildFile; fileRef = C7C9243820173A2E00C49B56 /* Main.storyboard */; };
		C7CB122D201886090010F2CD /* AuthorizationHandler.swift in Sources */ = {isa = PBXBuildFile; fileRef = C7CB121E201886090010F2CD /* AuthorizationHandler.swift */; };
		C7CB122E201886090010F2CD /* UserProfileDTO.swift in Sources */ = {isa = PBXBuildFile; fileRef = C7CB1221201886090010F2CD /* UserProfileDTO.swift */; };
		C7CB1234201886090010F2CD /* ProfileRouter.swift in Sources */ = {isa = PBXBuildFile; fileRef = C7CB1228201886090010F2CD /* ProfileRouter.swift */; };
		C7CB1235201886090010F2CD /* AuthRouter.swift in Sources */ = {isa = PBXBuildFile; fileRef = C7CB1229201886090010F2CD /* AuthRouter.swift */; };
		C7CB1236201886090010F2CD /* RequestRouter.swift in Sources */ = {isa = PBXBuildFile; fileRef = C7CB122A201886090010F2CD /* RequestRouter.swift */; };
		C7CB123A201888D30010F2CD /* Constants.swift in Sources */ = {isa = PBXBuildFile; fileRef = C7CB1239201888D30010F2CD /* Constants.swift */; };
		C7CB123E20188B030010F2CD /* AuthService.swift in Sources */ = {isa = PBXBuildFile; fileRef = C7CB123B20188B020010F2CD /* AuthService.swift */; };
		C7CB123F20188B030010F2CD /* ProfileService.swift in Sources */ = {isa = PBXBuildFile; fileRef = C7CB123C20188B030010F2CD /* ProfileService.swift */; };
		C7CB124020188B030010F2CD /* RxRequestService.swift in Sources */ = {isa = PBXBuildFile; fileRef = C7CB123D20188B030010F2CD /* RxRequestService.swift */; };
		C7CB124820188FF00010F2CD /* AuthStorage.swift in Sources */ = {isa = PBXBuildFile; fileRef = C7CB124520188FEF0010F2CD /* AuthStorage.swift */; };
		C7D1C07E2024253100D7442A /* AuthSessionDTO.swift in Sources */ = {isa = PBXBuildFile; fileRef = C7D1C07D2024253100D7442A /* AuthSessionDTO.swift */; };
		C7D1C0842024288E00D7442A /* AuthSession.swift in Sources */ = {isa = PBXBuildFile; fileRef = C7D1C0832024288E00D7442A /* AuthSession.swift */; };
		C7D1C08620242CFB00D7442A /* AuthSession+DTO.swift in Sources */ = {isa = PBXBuildFile; fileRef = C7D1C08520242CFB00D7442A /* AuthSession+DTO.swift */; };
		ED4FF50120AA946C003B3AC5 /* SignInViewModel.swift in Sources */ = {isa = PBXBuildFile; fileRef = ED4FF50020AA946C003B3AC5 /* SignInViewModel.swift */; };
		EDFAC07320A976F300D900ED /* Auth.storyboard in Resources */ = {isa = PBXBuildFile; fileRef = EDFAC07220A976F300D900ED /* Auth.storyboard */; };
		EDFAC07520A9770D00D900ED /* SignInViewController.swift in Sources */ = {isa = PBXBuildFile; fileRef = EDFAC07420A9770D00D900ED /* SignInViewController.swift */; };
/* End PBXBuildFile section */

/* Begin PBXContainerItemProxy section */
		607FACE61AFB9204008FA782 /* PBXContainerItemProxy */ = {
			isa = PBXContainerItemProxy;
			containerPortal = 607FACC81AFB9204008FA782 /* Project object */;
			proxyType = 1;
			remoteGlobalIDString = 607FACCF1AFB9204008FA782;
			remoteInfo = LEONetworkLayer;
		};
/* End PBXContainerItemProxy section */

/* Begin PBXFileReference section */
		0CB421C6B53487233C4EE750 /* Pods-LEONetworkLayer_Example.release.xcconfig */ = {isa = PBXFileReference; includeInIndex = 1; lastKnownFileType = text.xcconfig; name = "Pods-LEONetworkLayer_Example.release.xcconfig"; path = "Pods/Target Support Files/Pods-LEONetworkLayer_Example/Pods-LEONetworkLayer_Example.release.xcconfig"; sourceTree = "<group>"; };
		16646520E7F708EB64BFFF25 /* Pods_LEONetworkLayer_Tests.framework */ = {isa = PBXFileReference; explicitFileType = wrapper.framework; includeInIndex = 0; path = Pods_LEONetworkLayer_Tests.framework; sourceTree = BUILT_PRODUCTS_DIR; };
		2A92614A65996E01D0610117 /* README.md */ = {isa = PBXFileReference; includeInIndex = 1; lastKnownFileType = net.daringfireball.markdown; name = README.md; path = ../README.md; sourceTree = "<group>"; };
		551E7ED57F89D3BE23A92721 /* Pods_LEONetworkLayer_Example.framework */ = {isa = PBXFileReference; explicitFileType = wrapper.framework; includeInIndex = 0; path = Pods_LEONetworkLayer_Example.framework; sourceTree = BUILT_PRODUCTS_DIR; };
		607FACD01AFB9204008FA782 /* LEONetworkLayer_Example.app */ = {isa = PBXFileReference; explicitFileType = wrapper.application; includeInIndex = 0; path = LEONetworkLayer_Example.app; sourceTree = BUILT_PRODUCTS_DIR; };
		607FACE51AFB9204008FA782 /* LEONetworkLayer_Tests.xctest */ = {isa = PBXFileReference; explicitFileType = wrapper.cfbundle; includeInIndex = 0; path = LEONetworkLayer_Tests.xctest; sourceTree = BUILT_PRODUCTS_DIR; };
		607FACEA1AFB9204008FA782 /* Info.plist */ = {isa = PBXFileReference; lastKnownFileType = text.plist.xml; path = Info.plist; sourceTree = "<group>"; };
		607FACEB1AFB9204008FA782 /* Tests.swift */ = {isa = PBXFileReference; lastKnownFileType = sourcecode.swift; path = Tests.swift; sourceTree = "<group>"; };
		6621F9285B557BF283669006 /* Pods-LEONetworkLayer_Example.debug.xcconfig */ = {isa = PBXFileReference; includeInIndex = 1; lastKnownFileType = text.xcconfig; name = "Pods-LEONetworkLayer_Example.debug.xcconfig"; path = "Pods/Target Support Files/Pods-LEONetworkLayer_Example/Pods-LEONetworkLayer_Example.debug.xcconfig"; sourceTree = "<group>"; };
		6C9F28169B0965D32E3B7280 /* LEONetworkLayer.podspec */ = {isa = PBXFileReference; explicitFileType = text.script.ruby; includeInIndex = 1; name = LEONetworkLayer.podspec; path = ../LEONetworkLayer.podspec; sourceTree = "<group>"; xcLanguageSpecificationIdentifier = xcode.lang.ruby; };
		8CC451428ABBD3603FB26D47 /* LICENSE */ = {isa = PBXFileReference; includeInIndex = 1; lastKnownFileType = text; name = LICENSE; path = ../LICENSE; sourceTree = "<group>"; };
		A7B9607EDA9BEC24288AD21D /* Pods-LEONetworkLayer_Tests.release.xcconfig */ = {isa = PBXFileReference; includeInIndex = 1; lastKnownFileType = text.xcconfig; name = "Pods-LEONetworkLayer_Tests.release.xcconfig"; path = "Pods/Target Support Files/Pods-LEONetworkLayer_Tests/Pods-LEONetworkLayer_Tests.release.xcconfig"; sourceTree = "<group>"; };
		BB06845F1DD2A91BB84DC357 /* Pods-LEONetworkLayer_Tests.debug.xcconfig */ = {isa = PBXFileReference; includeInIndex = 1; lastKnownFileType = text.xcconfig; name = "Pods-LEONetworkLayer_Tests.debug.xcconfig"; path = "Pods/Target Support Files/Pods-LEONetworkLayer_Tests/Pods-LEONetworkLayer_Tests.debug.xcconfig"; sourceTree = "<group>"; };
		C728E3E82047E27500345B69 /* Error+ApiBusinessError.swift */ = {isa = PBXFileReference; fileEncoding = 4; lastKnownFileType = sourcecode.swift; path = "Error+ApiBusinessError.swift"; sourceTree = "<group>"; };
		C728E3E92047E27500345B69 /* Error+NoInternet.swift */ = {isa = PBXFileReference; fileEncoding = 4; lastKnownFileType = sourcecode.swift; path = "Error+NoInternet.swift"; sourceTree = "<group>"; };
		C728E3EA2047E27500345B69 /* BusinessError.swift */ = {isa = PBXFileReference; fileEncoding = 4; lastKnownFileType = sourcecode.swift; path = BusinessError.swift; sourceTree = "<group>"; };
		C760D60E202018D100486C9E /* LEORouter.swift */ = {isa = PBXFileReference; fileEncoding = 4; lastKnownFileType = sourcecode.swift; path = LEORouter.swift; sourceTree = "<group>"; };
		C760D610202018D700486C9E /* LEOProvider.swift */ = {isa = PBXFileReference; fileEncoding = 4; lastKnownFileType = sourcecode.swift; path = LEOProvider.swift; sourceTree = "<group>"; };
		C76DC382205A5A2A00C04868 /* UploadService.swift */ = {isa = PBXFileReference; fileEncoding = 4; lastKnownFileType = sourcecode.swift; path = UploadService.swift; sourceTree = "<group>"; };
		C76DC383205A5A2A00C04868 /* ResourcesService.swift */ = {isa = PBXFileReference; fileEncoding = 4; lastKnownFileType = sourcecode.swift; path = ResourcesService.swift; sourceTree = "<group>"; };
		C76DC387205A5B0F00C04868 /* ExampleViewModel.swift */ = {isa = PBXFileReference; lastKnownFileType = sourcecode.swift; path = ExampleViewModel.swift; sourceTree = "<group>"; };
		C76DC389205A5DF300C04868 /* ResourceRouter.swift */ = {isa = PBXFileReference; lastKnownFileType = sourcecode.swift; path = ResourceRouter.swift; sourceTree = "<group>"; };
		C77292E02033FEE300CB4F13 /* SignUpRequest.swift */ = {isa = PBXFileReference; fileEncoding = 4; lastKnownFileType = sourcecode.swift; path = SignUpRequest.swift; sourceTree = "<group>"; };
		C77292E12033FEE300CB4F13 /* SignInRequest.swift */ = {isa = PBXFileReference; fileEncoding = 4; lastKnownFileType = sourcecode.swift; path = SignInRequest.swift; sourceTree = "<group>"; };
		C77292E32033FEE300CB4F13 /* CreatePasswordResponse.swift */ = {isa = PBXFileReference; fileEncoding = 4; lastKnownFileType = sourcecode.swift; path = CreatePasswordResponse.swift; sourceTree = "<group>"; };
		C77292E42033FEE300CB4F13 /* ResetPasswordResponse.swift */ = {isa = PBXFileReference; fileEncoding = 4; lastKnownFileType = sourcecode.swift; path = ResetPasswordResponse.swift; sourceTree = "<group>"; };
		C7A2739020357CC600506C79 /* KeyValueStorage.swift */ = {isa = PBXFileReference; fileEncoding = 4; lastKnownFileType = sourcecode.swift; path = KeyValueStorage.swift; sourceTree = "<group>"; };
		C7A2739120357CC600506C79 /* KeychainStorage.swift */ = {isa = PBXFileReference; fileEncoding = 4; lastKnownFileType = sourcecode.swift; path = KeychainStorage.swift; sourceTree = "<group>"; };
		C7A2739220357CC600506C79 /* UserDefaultsStorage.swift */ = {isa = PBXFileReference; fileEncoding = 4; lastKnownFileType = sourcecode.swift; path = UserDefaultsStorage.swift; sourceTree = "<group>"; };
		C7A2739320357CC600506C79 /* KeyValueStorageKey.swift */ = {isa = PBXFileReference; fileEncoding = 4; lastKnownFileType = sourcecode.swift; path = KeyValueStorageKey.swift; sourceTree = "<group>"; };
		C7A273A3203589FF00506C79 /* AppCoordinator.swift */ = {isa = PBXFileReference; fileEncoding = 4; lastKnownFileType = sourcecode.swift; path = AppCoordinator.swift; sourceTree = "<group>"; };
		C7A273A4203589FF00506C79 /* AppContext.swift */ = {isa = PBXFileReference; fileEncoding = 4; lastKnownFileType = sourcecode.swift; path = AppContext.swift; sourceTree = "<group>"; };
		C7A273A820358A5900506C79 /* BaseCoordinator.swift */ = {isa = PBXFileReference; fileEncoding = 4; lastKnownFileType = sourcecode.swift; path = BaseCoordinator.swift; sourceTree = "<group>"; };
		C7A273A920358A5900506C79 /* Coordinator.swift */ = {isa = PBXFileReference; fileEncoding = 4; lastKnownFileType = sourcecode.swift; path = Coordinator.swift; sourceTree = "<group>"; };
		C7A273AD20358A8D00506C79 /* UIWindow+ChangeRoot.swift */ = {isa = PBXFileReference; fileEncoding = 4; lastKnownFileType = sourcecode.swift; path = "UIWindow+ChangeRoot.swift"; sourceTree = "<group>"; };
		C7A621BB2032D38B006ED490 /* Log.swift */ = {isa = PBXFileReference; fileEncoding = 4; lastKnownFileType = sourcecode.swift; path = Log.swift; sourceTree = "<group>"; };
		C7A621C32032E7BB006ED490 /* CommonError.swift */ = {isa = PBXFileReference; fileEncoding = 4; lastKnownFileType = sourcecode.swift; path = CommonError.swift; sourceTree = "<group>"; };
		C7A621C42032E7BB006ED490 /* ErrorObject.swift */ = {isa = PBXFileReference; fileEncoding = 4; lastKnownFileType = sourcecode.swift; path = ErrorObject.swift; sourceTree = "<group>"; };
		C7A621C52032E7BB006ED490 /* ErrorObjectProvider.swift */ = {isa = PBXFileReference; fileEncoding = 4; lastKnownFileType = sourcecode.swift; path = ErrorObjectProvider.swift; sourceTree = "<group>"; };
		C7A621C92032F69D006ED490 /* UserProfile.swift */ = {isa = PBXFileReference; lastKnownFileType = sourcecode.swift; path = UserProfile.swift; sourceTree = "<group>"; };
		C7A621CB2032F6AF006ED490 /* UserProfile+DTO.swift */ = {isa = PBXFileReference; lastKnownFileType = sourcecode.swift; path = "UserProfile+DTO.swift"; sourceTree = "<group>"; };
		C7A621CD2032F773006ED490 /* MediaResource.swift */ = {isa = PBXFileReference; fileEncoding = 4; lastKnownFileType = sourcecode.swift; path = MediaResource.swift; sourceTree = "<group>"; };
		C7A621CE2032F773006ED490 /* MediaResource+LEO.swift */ = {isa = PBXFileReference; fileEncoding = 4; lastKnownFileType = sourcecode.swift; path = "MediaResource+LEO.swift"; sourceTree = "<group>"; };
		C7C9242D20173A2E00C49B56 /* AppDelegate.swift */ = {isa = PBXFileReference; fileEncoding = 4; lastKnownFileType = sourcecode.swift; path = AppDelegate.swift; sourceTree = "<group>"; };
		C7C9242F20173A2E00C49B56 /* Images.xcassets */ = {isa = PBXFileReference; lastKnownFileType = folder.assetcatalog; path = Images.xcassets; sourceTree = "<group>"; };
		C7C9243220173A2E00C49B56 /* Info.plist */ = {isa = PBXFileReference; fileEncoding = 4; lastKnownFileType = text.plist.xml; path = Info.plist; sourceTree = "<group>"; };
		C7C9243520173A2E00C49B56 /* LaunchScreen.xib */ = {isa = PBXFileReference; fileEncoding = 4; lastKnownFileType = file.xib; path = LaunchScreen.xib; sourceTree = "<group>"; };
		C7C9243720173A2E00C49B56 /* MainViewController.swift */ = {isa = PBXFileReference; fileEncoding = 4; lastKnownFileType = sourcecode.swift; path = MainViewController.swift; sourceTree = "<group>"; };
		C7C9243820173A2E00C49B56 /* Main.storyboard */ = {isa = PBXFileReference; fileEncoding = 4; lastKnownFileType = file.storyboard; path = Main.storyboard; sourceTree = "<group>"; };
		C7CB121E201886090010F2CD /* AuthorizationHandler.swift */ = {isa = PBXFileReference; fileEncoding = 4; lastKnownFileType = sourcecode.swift; path = AuthorizationHandler.swift; sourceTree = "<group>"; };
		C7CB1221201886090010F2CD /* UserProfileDTO.swift */ = {isa = PBXFileReference; fileEncoding = 4; lastKnownFileType = sourcecode.swift; path = UserProfileDTO.swift; sourceTree = "<group>"; };
		C7CB1228201886090010F2CD /* ProfileRouter.swift */ = {isa = PBXFileReference; fileEncoding = 4; lastKnownFileType = sourcecode.swift; path = ProfileRouter.swift; sourceTree = "<group>"; };
		C7CB1229201886090010F2CD /* AuthRouter.swift */ = {isa = PBXFileReference; fileEncoding = 4; lastKnownFileType = sourcecode.swift; path = AuthRouter.swift; sourceTree = "<group>"; };
		C7CB122A201886090010F2CD /* RequestRouter.swift */ = {isa = PBXFileReference; fileEncoding = 4; lastKnownFileType = sourcecode.swift; path = RequestRouter.swift; sourceTree = "<group>"; };
		C7CB1239201888D30010F2CD /* Constants.swift */ = {isa = PBXFileReference; lastKnownFileType = sourcecode.swift; path = Constants.swift; sourceTree = "<group>"; };
		C7CB123B20188B020010F2CD /* AuthService.swift */ = {isa = PBXFileReference; fileEncoding = 4; lastKnownFileType = sourcecode.swift; path = AuthService.swift; sourceTree = "<group>"; };
		C7CB123C20188B030010F2CD /* ProfileService.swift */ = {isa = PBXFileReference; fileEncoding = 4; lastKnownFileType = sourcecode.swift; path = ProfileService.swift; sourceTree = "<group>"; };
		C7CB123D20188B030010F2CD /* RxRequestService.swift */ = {isa = PBXFileReference; fileEncoding = 4; lastKnownFileType = sourcecode.swift; path = RxRequestService.swift; sourceTree = "<group>"; };
		C7CB124520188FEF0010F2CD /* AuthStorage.swift */ = {isa = PBXFileReference; fileEncoding = 4; lastKnownFileType = sourcecode.swift; path = AuthStorage.swift; sourceTree = "<group>"; };
		C7D1C07D2024253100D7442A /* AuthSessionDTO.swift */ = {isa = PBXFileReference; lastKnownFileType = sourcecode.swift; path = AuthSessionDTO.swift; sourceTree = "<group>"; };
		C7D1C0832024288E00D7442A /* AuthSession.swift */ = {isa = PBXFileReference; lastKnownFileType = sourcecode.swift; path = AuthSession.swift; sourceTree = "<group>"; };
		C7D1C08520242CFB00D7442A /* AuthSession+DTO.swift */ = {isa = PBXFileReference; lastKnownFileType = sourcecode.swift; path = "AuthSession+DTO.swift"; sourceTree = "<group>"; };
		ED4FF50020AA946C003B3AC5 /* SignInViewModel.swift */ = {isa = PBXFileReference; lastKnownFileType = sourcecode.swift; path = SignInViewModel.swift; sourceTree = "<group>"; };
		EDFAC07220A976F300D900ED /* Auth.storyboard */ = {isa = PBXFileReference; lastKnownFileType = file.storyboard; path = Auth.storyboard; sourceTree = "<group>"; };
		EDFAC07420A9770D00D900ED /* SignInViewController.swift */ = {isa = PBXFileReference; lastKnownFileType = sourcecode.swift; path = SignInViewController.swift; sourceTree = "<group>"; };
/* End PBXFileReference section */

/* Begin PBXFrameworksBuildPhase section */
		607FACCD1AFB9204008FA782 /* Frameworks */ = {
			isa = PBXFrameworksBuildPhase;
			buildActionMask = 2147483647;
			files = (
				247FC57149D27615BECA8B51 /* Pods_LEONetworkLayer_Example.framework in Frameworks */,
			);
			runOnlyForDeploymentPostprocessing = 0;
		};
		607FACE21AFB9204008FA782 /* Frameworks */ = {
			isa = PBXFrameworksBuildPhase;
			buildActionMask = 2147483647;
			files = (
				24B8F18D3C4CAB431D822E58 /* Pods_LEONetworkLayer_Tests.framework in Frameworks */,
			);
			runOnlyForDeploymentPostprocessing = 0;
		};
/* End PBXFrameworksBuildPhase section */

/* Begin PBXGroup section */
		607FACC71AFB9204008FA782 = {
			isa = PBXGroup;
			children = (
				C7A621B92032D38B006ED490 /* External */,
				607FACF51AFB993E008FA782 /* Podspec Metadata */,
				607FACD21AFB9204008FA782 /* Example for LEONetworkLayer */,
				607FACE81AFB9204008FA782 /* Tests */,
				607FACD11AFB9204008FA782 /* Products */,
				D59D75258EAF77CA7F54A987 /* Pods */,
				B112CE6458B95C58F0B2A1E4 /* Frameworks */,
			);
			sourceTree = "<group>";
		};
		607FACD11AFB9204008FA782 /* Products */ = {
			isa = PBXGroup;
			children = (
				607FACD01AFB9204008FA782 /* LEONetworkLayer_Example.app */,
				607FACE51AFB9204008FA782 /* LEONetworkLayer_Tests.xctest */,
			);
			name = Products;
			sourceTree = "<group>";
		};
		607FACD21AFB9204008FA782 /* Example for LEONetworkLayer */ = {
			isa = PBXGroup;
			children = (
				C7C9242C20173A2E00C49B56 /* ApplicationLayer */,
				C7C9243120173A2E00C49B56 /* Configuration */,
				C7D1C0812024286D00D7442A /* BusinessLogicLayer */,
				C7C9243020173A2E00C49B56 /* NetworkLayer */,
				C7C9242E20173A2E00C49B56 /* Resources */,
				C7C9242B20173A2E00C49B56 /* Services */,
				C7CB124120188FEF0010F2CD /* Storages */,
				C7C9243320173A2E00C49B56 /* Workflows */,
			);
			name = "Example for LEONetworkLayer";
			path = LEONetworkLayer;
			sourceTree = "<group>";
		};
		607FACE81AFB9204008FA782 /* Tests */ = {
			isa = PBXGroup;
			children = (
				607FACEB1AFB9204008FA782 /* Tests.swift */,
				607FACE91AFB9204008FA782 /* Supporting Files */,
			);
			path = Tests;
			sourceTree = "<group>";
		};
		607FACE91AFB9204008FA782 /* Supporting Files */ = {
			isa = PBXGroup;
			children = (
				607FACEA1AFB9204008FA782 /* Info.plist */,
			);
			name = "Supporting Files";
			sourceTree = "<group>";
		};
		607FACF51AFB993E008FA782 /* Podspec Metadata */ = {
			isa = PBXGroup;
			children = (
				6C9F28169B0965D32E3B7280 /* LEONetworkLayer.podspec */,
				2A92614A65996E01D0610117 /* README.md */,
				8CC451428ABBD3603FB26D47 /* LICENSE */,
			);
			name = "Podspec Metadata";
			sourceTree = "<group>";
		};
		B112CE6458B95C58F0B2A1E4 /* Frameworks */ = {
			isa = PBXGroup;
			children = (
				551E7ED57F89D3BE23A92721 /* Pods_LEONetworkLayer_Example.framework */,
				16646520E7F708EB64BFFF25 /* Pods_LEONetworkLayer_Tests.framework */,
			);
			name = Frameworks;
			sourceTree = "<group>";
		};
		C728E3E72047E27500345B69 /* Errors */ = {
			isa = PBXGroup;
			children = (
				C728E3E82047E27500345B69 /* Error+ApiBusinessError.swift */,
				C728E3E92047E27500345B69 /* Error+NoInternet.swift */,
				C728E3EA2047E27500345B69 /* BusinessError.swift */,
			);
			path = Errors;
			sourceTree = "<group>";
		};
		C76DC386205A5AF500C04868 /* Example */ = {
			isa = PBXGroup;
			children = (
				C76DC387205A5B0F00C04868 /* ExampleViewModel.swift */,
			);
			path = Example;
			sourceTree = "<group>";
		};
		C77292DF2033FEE300CB4F13 /* Requests */ = {
			isa = PBXGroup;
			children = (
				C77292E02033FEE300CB4F13 /* SignUpRequest.swift */,
				C77292E12033FEE300CB4F13 /* SignInRequest.swift */,
			);
			path = Requests;
			sourceTree = "<group>";
		};
		C77292E22033FEE300CB4F13 /* Responses */ = {
			isa = PBXGroup;
			children = (
				C77292E32033FEE300CB4F13 /* CreatePasswordResponse.swift */,
				C77292E42033FEE300CB4F13 /* ResetPasswordResponse.swift */,
			);
			path = Responses;
			sourceTree = "<group>";
		};
		C7A2738F20357CC600506C79 /* KeyValue */ = {
			isa = PBXGroup;
			children = (
				C7A2739020357CC600506C79 /* KeyValueStorage.swift */,
				C7A2739320357CC600506C79 /* KeyValueStorageKey.swift */,
				C7A2739220357CC600506C79 /* UserDefaultsStorage.swift */,
				C7A2739120357CC600506C79 /* KeychainStorage.swift */,
			);
			path = KeyValue;
			sourceTree = "<group>";
		};
		C7A273A720358A5900506C79 /* Coordinator */ = {
			isa = PBXGroup;
			children = (
				C7A273A820358A5900506C79 /* BaseCoordinator.swift */,
				C7A273A920358A5900506C79 /* Coordinator.swift */,
			);
			path = Coordinator;
			sourceTree = "<group>";
		};
		C7A273AC20358A8D00506C79 /* Extensions */ = {
			isa = PBXGroup;
			children = (
				C7A273AD20358A8D00506C79 /* UIWindow+ChangeRoot.swift */,
			);
			path = Extensions;
			sourceTree = "<group>";
		};
		C7A621B92032D38B006ED490 /* External */ = {
			isa = PBXGroup;
			children = (
				C7A273AC20358A8D00506C79 /* Extensions */,
				C7A273A720358A5900506C79 /* Coordinator */,
				C7A621C22032E7BB006ED490 /* Errors */,
				C7A621BA2032D38B006ED490 /* Log */,
			);
			path = External;
			sourceTree = "<group>";
		};
		C7A621BA2032D38B006ED490 /* Log */ = {
			isa = PBXGroup;
			children = (
				C7A621BB2032D38B006ED490 /* Log.swift */,
			);
			path = Log;
			sourceTree = "<group>";
		};
		C7A621C22032E7BB006ED490 /* Errors */ = {
			isa = PBXGroup;
			children = (
				C7A621C32032E7BB006ED490 /* CommonError.swift */,
				C7A621C42032E7BB006ED490 /* ErrorObject.swift */,
				C7A621C52032E7BB006ED490 /* ErrorObjectProvider.swift */,
			);
			path = Errors;
			sourceTree = "<group>";
		};
		C7C9242B20173A2E00C49B56 /* Services */ = {
			isa = PBXGroup;
			children = (
				C7CB123D20188B030010F2CD /* RxRequestService.swift */,
				C7CB123B20188B020010F2CD /* AuthService.swift */,
				C7CB123C20188B030010F2CD /* ProfileService.swift */,
				C76DC383205A5A2A00C04868 /* ResourcesService.swift */,
				C76DC382205A5A2A00C04868 /* UploadService.swift */,
			);
			path = Services;
			sourceTree = "<group>";
		};
		C7C9242C20173A2E00C49B56 /* ApplicationLayer */ = {
			isa = PBXGroup;
			children = (
				C7A273A4203589FF00506C79 /* AppContext.swift */,
				C7A273A3203589FF00506C79 /* AppCoordinator.swift */,
				C7C9242D20173A2E00C49B56 /* AppDelegate.swift */,
			);
			path = ApplicationLayer;
			sourceTree = "<group>";
		};
		C7C9242E20173A2E00C49B56 /* Resources */ = {
			isa = PBXGroup;
			children = (
				C7C9242F20173A2E00C49B56 /* Images.xcassets */,
			);
			path = Resources;
			sourceTree = "<group>";
		};
		C7C9243020173A2E00C49B56 /* NetworkLayer */ = {
			isa = PBXGroup;
			children = (
				C760D610202018D700486C9E /* LEOProvider.swift */,
				C7CB121E201886090010F2CD /* AuthorizationHandler.swift */,
				C7CB121F201886090010F2CD /* Models */,
				C7CB1227201886090010F2CD /* Routers */,
			);
			path = NetworkLayer;
			sourceTree = "<group>";
		};
		C7C9243120173A2E00C49B56 /* Configuration */ = {
			isa = PBXGroup;
			children = (
				C7C9243220173A2E00C49B56 /* Info.plist */,
				C7CB1239201888D30010F2CD /* Constants.swift */,
			);
			path = Configuration;
			sourceTree = "<group>";
		};
		C7C9243320173A2E00C49B56 /* Workflows */ = {
			isa = PBXGroup;
			children = (
				C7C9243420173A2E00C49B56 /* Launch */,
				EDFAC07120A976E500D900ED /* Auth */,
				C7C9243620173A2E00C49B56 /* Main */,
				C76DC386205A5AF500C04868 /* Example */,
			);
			path = Workflows;
			sourceTree = "<group>";
		};
		C7C9243420173A2E00C49B56 /* Launch */ = {
			isa = PBXGroup;
			children = (
				C7C9243520173A2E00C49B56 /* LaunchScreen.xib */,
			);
			path = Launch;
			sourceTree = "<group>";
		};
		C7C9243620173A2E00C49B56 /* Main */ = {
			isa = PBXGroup;
			children = (
				C7C9243820173A2E00C49B56 /* Main.storyboard */,
				C7C9243720173A2E00C49B56 /* MainViewController.swift */,
			);
			path = Main;
			sourceTree = "<group>";
		};
		C7CB121F201886090010F2CD /* Models */ = {
			isa = PBXGroup;
			children = (
				C7CB1220201886090010F2CD /* DTO */,
				C77292DF2033FEE300CB4F13 /* Requests */,
				C77292E22033FEE300CB4F13 /* Responses */,
			);
			path = Models;
			sourceTree = "<group>";
		};
		C7CB1220201886090010F2CD /* DTO */ = {
			isa = PBXGroup;
			children = (
				C7D1C07D2024253100D7442A /* AuthSessionDTO.swift */,
				C7CB1221201886090010F2CD /* UserProfileDTO.swift */,
			);
			path = DTO;
			sourceTree = "<group>";
		};
		C7CB1227201886090010F2CD /* Routers */ = {
			isa = PBXGroup;
			children = (
				C7CB122A201886090010F2CD /* RequestRouter.swift */,
				C760D60E202018D100486C9E /* LEORouter.swift */,
				C7CB1228201886090010F2CD /* ProfileRouter.swift */,
				C7CB1229201886090010F2CD /* AuthRouter.swift */,
				C76DC389205A5DF300C04868 /* ResourceRouter.swift */,
			);
			path = Routers;
			sourceTree = "<group>";
		};
		C7CB124120188FEF0010F2CD /* Storages */ = {
			isa = PBXGroup;
			children = (
				C7A2738F20357CC600506C79 /* KeyValue */,
				C7CB124520188FEF0010F2CD /* AuthStorage.swift */,
			);
			path = Storages;
			sourceTree = "<group>";
		};
		C7D1C0812024286D00D7442A /* BusinessLogicLayer */ = {
			isa = PBXGroup;
			children = (
				C728E3E72047E27500345B69 /* Errors */,
				C7D1C0822024288300D7442A /* Models */,
			);
			path = BusinessLogicLayer;
			sourceTree = "<group>";
		};
		C7D1C0822024288300D7442A /* Models */ = {
			isa = PBXGroup;
			children = (
				C7D1C0832024288E00D7442A /* AuthSession.swift */,
				C7D1C08520242CFB00D7442A /* AuthSession+DTO.swift */,
				C7A621C92032F69D006ED490 /* UserProfile.swift */,
				C7A621CB2032F6AF006ED490 /* UserProfile+DTO.swift */,
				C7A621CD2032F773006ED490 /* MediaResource.swift */,
				C7A621CE2032F773006ED490 /* MediaResource+LEO.swift */,
			);
			path = Models;
			sourceTree = "<group>";
		};
		D59D75258EAF77CA7F54A987 /* Pods */ = {
			isa = PBXGroup;
			children = (
				6621F9285B557BF283669006 /* Pods-LEONetworkLayer_Example.debug.xcconfig */,
				0CB421C6B53487233C4EE750 /* Pods-LEONetworkLayer_Example.release.xcconfig */,
				BB06845F1DD2A91BB84DC357 /* Pods-LEONetworkLayer_Tests.debug.xcconfig */,
				A7B9607EDA9BEC24288AD21D /* Pods-LEONetworkLayer_Tests.release.xcconfig */,
			);
			name = Pods;
			sourceTree = "<group>";
		};
		EDFAC07120A976E500D900ED /* Auth */ = {
			isa = PBXGroup;
			children = (
				EDFAC07220A976F300D900ED /* Auth.storyboard */,
				EDFAC07420A9770D00D900ED /* SignInViewController.swift */,
				ED4FF50020AA946C003B3AC5 /* SignInViewModel.swift */,
			);
			path = Auth;
			sourceTree = "<group>";
		};
/* End PBXGroup section */

/* Begin PBXNativeTarget section */
		607FACCF1AFB9204008FA782 /* LEONetworkLayer_Example */ = {
			isa = PBXNativeTarget;
			buildConfigurationList = 607FACEF1AFB9204008FA782 /* Build configuration list for PBXNativeTarget "LEONetworkLayer_Example" */;
			buildPhases = (
				22C29E13EBEA26665B6D04BC /* [CP] Check Pods Manifest.lock */,
				607FACCC1AFB9204008FA782 /* Sources */,
				607FACCD1AFB9204008FA782 /* Frameworks */,
				607FACCE1AFB9204008FA782 /* Resources */,
				440A8FE7F1849F96AA51B120 /* [CP] Embed Pods Frameworks */,
			);
			buildRules = (
			);
			dependencies = (
			);
			name = LEONetworkLayer_Example;
			productName = LEONetworkLayer;
			productReference = 607FACD01AFB9204008FA782 /* LEONetworkLayer_Example.app */;
			productType = "com.apple.product-type.application";
		};
		607FACE41AFB9204008FA782 /* LEONetworkLayer_Tests */ = {
			isa = PBXNativeTarget;
			buildConfigurationList = 607FACF21AFB9204008FA782 /* Build configuration list for PBXNativeTarget "LEONetworkLayer_Tests" */;
			buildPhases = (
				D80E684A964518726912C5DF /* [CP] Check Pods Manifest.lock */,
				607FACE11AFB9204008FA782 /* Sources */,
				607FACE21AFB9204008FA782 /* Frameworks */,
				607FACE31AFB9204008FA782 /* Resources */,
			);
			buildRules = (
			);
			dependencies = (
				607FACE71AFB9204008FA782 /* PBXTargetDependency */,
			);
			name = LEONetworkLayer_Tests;
			productName = Tests;
			productReference = 607FACE51AFB9204008FA782 /* LEONetworkLayer_Tests.xctest */;
			productType = "com.apple.product-type.bundle.unit-test";
		};
/* End PBXNativeTarget section */

/* Begin PBXProject section */
		607FACC81AFB9204008FA782 /* Project object */ = {
			isa = PBXProject;
			attributes = {
				LastSwiftUpdateCheck = 0830;
				LastUpgradeCheck = 0830;
				ORGANIZATIONNAME = CocoaPods;
				TargetAttributes = {
					607FACCF1AFB9204008FA782 = {
						CreatedOnToolsVersion = 6.3.1;
						LastSwiftMigration = 0900;
					};
					607FACE41AFB9204008FA782 = {
						CreatedOnToolsVersion = 6.3.1;
						LastSwiftMigration = 0900;
						TestTargetID = 607FACCF1AFB9204008FA782;
					};
				};
			};
			buildConfigurationList = 607FACCB1AFB9204008FA782 /* Build configuration list for PBXProject "LEONetworkLayer" */;
			compatibilityVersion = "Xcode 3.2";
			developmentRegion = English;
			hasScannedForEncodings = 0;
			knownRegions = (
				en,
				Base,
			);
			mainGroup = 607FACC71AFB9204008FA782;
			productRefGroup = 607FACD11AFB9204008FA782 /* Products */;
			projectDirPath = "";
			projectRoot = "";
			targets = (
				607FACCF1AFB9204008FA782 /* LEONetworkLayer_Example */,
				607FACE41AFB9204008FA782 /* LEONetworkLayer_Tests */,
			);
		};
/* End PBXProject section */

/* Begin PBXResourcesBuildPhase section */
		607FACCE1AFB9204008FA782 /* Resources */ = {
			isa = PBXResourcesBuildPhase;
			buildActionMask = 2147483647;
			files = (
				EDFAC07320A976F300D900ED /* Auth.storyboard in Resources */,
				C7C9243D20173A2E00C49B56 /* LaunchScreen.xib in Resources */,
				C7C9243B20173A2E00C49B56 /* Images.xcassets in Resources */,
				C7C9243F20173A2E00C49B56 /* Main.storyboard in Resources */,
			);
			runOnlyForDeploymentPostprocessing = 0;
		};
		607FACE31AFB9204008FA782 /* Resources */ = {
			isa = PBXResourcesBuildPhase;
			buildActionMask = 2147483647;
			files = (
			);
			runOnlyForDeploymentPostprocessing = 0;
		};
/* End PBXResourcesBuildPhase section */

/* Begin PBXShellScriptBuildPhase section */
		22C29E13EBEA26665B6D04BC /* [CP] Check Pods Manifest.lock */ = {
			isa = PBXShellScriptBuildPhase;
			buildActionMask = 2147483647;
			files = (
			);
			inputPaths = (
				"${PODS_PODFILE_DIR_PATH}/Podfile.lock",
				"${PODS_ROOT}/Manifest.lock",
			);
			name = "[CP] Check Pods Manifest.lock";
			outputPaths = (
				"$(DERIVED_FILE_DIR)/Pods-LEONetworkLayer_Example-checkManifestLockResult.txt",
			);
			runOnlyForDeploymentPostprocessing = 0;
			shellPath = /bin/sh;
			shellScript = "diff \"${PODS_PODFILE_DIR_PATH}/Podfile.lock\" \"${PODS_ROOT}/Manifest.lock\" > /dev/null\nif [ $? != 0 ] ; then\n    # print error to STDERR\n    echo \"error: The sandbox is not in sync with the Podfile.lock. Run 'pod install' or update your CocoaPods installation.\" >&2\n    exit 1\nfi\n# This output is used by Xcode 'outputs' to avoid re-running this script phase.\necho \"SUCCESS\" > \"${SCRIPT_OUTPUT_FILE_0}\"\n";
			showEnvVarsInLog = 0;
		};
		440A8FE7F1849F96AA51B120 /* [CP] Embed Pods Frameworks */ = {
			isa = PBXShellScriptBuildPhase;
			buildActionMask = 2147483647;
			files = (
			);
			inputPaths = (
				"${SRCROOT}/Pods/Target Support Files/Pods-LEONetworkLayer_Example/Pods-LEONetworkLayer_Example-frameworks.sh",
				"${BUILT_PRODUCTS_DIR}/Alamofire/Alamofire.framework",
				"${BUILT_PRODUCTS_DIR}/AlamofireObjectMapper/AlamofireObjectMapper.framework",
				"${BUILT_PRODUCTS_DIR}/KeychainSwift/KeychainSwift.framework",
				"${BUILT_PRODUCTS_DIR}/LEONetworkLayer/LEONetworkLayer.framework",
				"${BUILT_PRODUCTS_DIR}/ObjectMapper/ObjectMapper.framework",
				"${BUILT_PRODUCTS_DIR}/RxCocoa/RxCocoa.framework",
				"${BUILT_PRODUCTS_DIR}/RxSwift/RxSwift.framework",
			);
			name = "[CP] Embed Pods Frameworks";
			outputPaths = (
				"${TARGET_BUILD_DIR}/${FRAMEWORKS_FOLDER_PATH}/Alamofire.framework",
				"${TARGET_BUILD_DIR}/${FRAMEWORKS_FOLDER_PATH}/AlamofireObjectMapper.framework",
				"${TARGET_BUILD_DIR}/${FRAMEWORKS_FOLDER_PATH}/KeychainSwift.framework",
				"${TARGET_BUILD_DIR}/${FRAMEWORKS_FOLDER_PATH}/LEONetworkLayer.framework",
				"${TARGET_BUILD_DIR}/${FRAMEWORKS_FOLDER_PATH}/ObjectMapper.framework",
				"${TARGET_BUILD_DIR}/${FRAMEWORKS_FOLDER_PATH}/RxCocoa.framework",
				"${TARGET_BUILD_DIR}/${FRAMEWORKS_FOLDER_PATH}/RxSwift.framework",
			);
			runOnlyForDeploymentPostprocessing = 0;
			shellPath = /bin/sh;
			shellScript = "\"${SRCROOT}/Pods/Target Support Files/Pods-LEONetworkLayer_Example/Pods-LEONetworkLayer_Example-frameworks.sh\"\n";
			showEnvVarsInLog = 0;
		};
		D80E684A964518726912C5DF /* [CP] Check Pods Manifest.lock */ = {
			isa = PBXShellScriptBuildPhase;
			buildActionMask = 2147483647;
			files = (
			);
			inputPaths = (
				"${PODS_PODFILE_DIR_PATH}/Podfile.lock",
				"${PODS_ROOT}/Manifest.lock",
			);
			name = "[CP] Check Pods Manifest.lock";
			outputPaths = (
				"$(DERIVED_FILE_DIR)/Pods-LEONetworkLayer_Tests-checkManifestLockResult.txt",
			);
			runOnlyForDeploymentPostprocessing = 0;
			shellPath = /bin/sh;
			shellScript = "diff \"${PODS_PODFILE_DIR_PATH}/Podfile.lock\" \"${PODS_ROOT}/Manifest.lock\" > /dev/null\nif [ $? != 0 ] ; then\n    # print error to STDERR\n    echo \"error: The sandbox is not in sync with the Podfile.lock. Run 'pod install' or update your CocoaPods installation.\" >&2\n    exit 1\nfi\n# This output is used by Xcode 'outputs' to avoid re-running this script phase.\necho \"SUCCESS\" > \"${SCRIPT_OUTPUT_FILE_0}\"\n";
			showEnvVarsInLog = 0;
		};
/* End PBXShellScriptBuildPhase section */

/* Begin PBXSourcesBuildPhase section */
		607FACCC1AFB9204008FA782 /* Sources */ = {
			isa = PBXSourcesBuildPhase;
			buildActionMask = 2147483647;
			files = (
				C7A2739620357CC600506C79 /* UserDefaultsStorage.swift in Sources */,
				C7A621C72032E7BB006ED490 /* ErrorObject.swift in Sources */,
				C7A273A5203589FF00506C79 /* AppCoordinator.swift in Sources */,
				C7C9243E20173A2E00C49B56 /* MainViewController.swift in Sources */,
				C728E3EC2047E27500345B69 /* Error+NoInternet.swift in Sources */,
				C7A2739520357CC600506C79 /* KeychainStorage.swift in Sources */,
				C7CB1234201886090010F2CD /* ProfileRouter.swift in Sources */,
				C728E3ED2047E27500345B69 /* BusinessError.swift in Sources */,
				C7A621CC2032F6AF006ED490 /* UserProfile+DTO.swift in Sources */,
				ED4FF50120AA946C003B3AC5 /* SignInViewModel.swift in Sources */,
				C7A621C62032E7BB006ED490 /* CommonError.swift in Sources */,
				C7CB123A201888D30010F2CD /* Constants.swift in Sources */,
				C7CB123F20188B030010F2CD /* ProfileService.swift in Sources */,
				C7C9243A20173A2E00C49B56 /* AppDelegate.swift in Sources */,
				C7A273AE20358A8D00506C79 /* UIWindow+ChangeRoot.swift in Sources */,
				C76DC384205A5A2A00C04868 /* UploadService.swift in Sources */,
				C7CB124020188B030010F2CD /* RxRequestService.swift in Sources */,
				C760D611202018D700486C9E /* LEOProvider.swift in Sources */,
				C760D60F202018D100486C9E /* LEORouter.swift in Sources */,
				C7A2739720357CC600506C79 /* KeyValueStorageKey.swift in Sources */,
				C7A273AB20358A5900506C79 /* Coordinator.swift in Sources */,
				C7A621D02032F773006ED490 /* MediaResource+LEO.swift in Sources */,
				C7D1C08620242CFB00D7442A /* AuthSession+DTO.swift in Sources */,
				C77292E52033FEE300CB4F13 /* SignUpRequest.swift in Sources */,
				C7A621CF2032F773006ED490 /* MediaResource.swift in Sources */,
				C7A273AA20358A5900506C79 /* BaseCoordinator.swift in Sources */,
				C728E3EB2047E27500345B69 /* Error+ApiBusinessError.swift in Sources */,
				C76DC385205A5A2A00C04868 /* ResourcesService.swift in Sources */,
				C7CB122E201886090010F2CD /* UserProfileDTO.swift in Sources */,
				C7A621BC2032D38B006ED490 /* Log.swift in Sources */,
				C7A621CA2032F69D006ED490 /* UserProfile.swift in Sources */,
				C7CB1236201886090010F2CD /* RequestRouter.swift in Sources */,
				C77292E72033FEE300CB4F13 /* CreatePasswordResponse.swift in Sources */,
				C77292E82033FEE300CB4F13 /* ResetPasswordResponse.swift in Sources */,
				C76DC38A205A5DF300C04868 /* ResourceRouter.swift in Sources */,
				C7A2739420357CC600506C79 /* KeyValueStorage.swift in Sources */,
				C7CB1235201886090010F2CD /* AuthRouter.swift in Sources */,
				C7A621C82032E7BB006ED490 /* ErrorObjectProvider.swift in Sources */,
				C7D1C0842024288E00D7442A /* AuthSession.swift in Sources */,
				C7D1C07E2024253100D7442A /* AuthSessionDTO.swift in Sources */,
				C7CB122D201886090010F2CD /* AuthorizationHandler.swift in Sources */,
				C7A273A6203589FF00506C79 /* AppContext.swift in Sources */,
				C7CB124820188FF00010F2CD /* AuthStorage.swift in Sources */,
				C76DC388205A5B0F00C04868 /* ExampleViewModel.swift in Sources */,
				C7CB123E20188B030010F2CD /* AuthService.swift in Sources */,
				EDFAC07520A9770D00D900ED /* SignInViewController.swift in Sources */,
				C77292E62033FEE300CB4F13 /* SignInRequest.swift in Sources */,
			);
			runOnlyForDeploymentPostprocessing = 0;
		};
		607FACE11AFB9204008FA782 /* Sources */ = {
			isa = PBXSourcesBuildPhase;
			buildActionMask = 2147483647;
			files = (
				607FACEC1AFB9204008FA782 /* Tests.swift in Sources */,
			);
			runOnlyForDeploymentPostprocessing = 0;
		};
/* End PBXSourcesBuildPhase section */

/* Begin PBXTargetDependency section */
		607FACE71AFB9204008FA782 /* PBXTargetDependency */ = {
			isa = PBXTargetDependency;
			target = 607FACCF1AFB9204008FA782 /* LEONetworkLayer_Example */;
			targetProxy = 607FACE61AFB9204008FA782 /* PBXContainerItemProxy */;
		};
/* End PBXTargetDependency section */

/* Begin XCBuildConfiguration section */
		607FACED1AFB9204008FA782 /* Debug */ = {
			isa = XCBuildConfiguration;
			buildSettings = {
				ALWAYS_SEARCH_USER_PATHS = NO;
				CLANG_CXX_LANGUAGE_STANDARD = "gnu++0x";
				CLANG_CXX_LIBRARY = "libc++";
				CLANG_ENABLE_MODULES = YES;
				CLANG_ENABLE_OBJC_ARC = YES;
				CLANG_WARN_BLOCK_CAPTURE_AUTORELEASING = YES;
				CLANG_WARN_BOOL_CONVERSION = YES;
				CLANG_WARN_COMMA = YES;
				CLANG_WARN_CONSTANT_CONVERSION = YES;
				CLANG_WARN_DIRECT_OBJC_ISA_USAGE = YES_ERROR;
				CLANG_WARN_EMPTY_BODY = YES;
				CLANG_WARN_ENUM_CONVERSION = YES;
				CLANG_WARN_INFINITE_RECURSION = YES;
				CLANG_WARN_INT_CONVERSION = YES;
				CLANG_WARN_NON_LITERAL_NULL_CONVERSION = YES;
				CLANG_WARN_OBJC_LITERAL_CONVERSION = YES;
				CLANG_WARN_OBJC_ROOT_CLASS = YES_ERROR;
				CLANG_WARN_RANGE_LOOP_ANALYSIS = YES;
				CLANG_WARN_STRICT_PROTOTYPES = YES;
				CLANG_WARN_SUSPICIOUS_MOVE = YES;
				CLANG_WARN_UNREACHABLE_CODE = YES;
				CLANG_WARN__DUPLICATE_METHOD_MATCH = YES;
				"CODE_SIGN_IDENTITY[sdk=iphoneos*]" = "iPhone Developer";
				COPY_PHASE_STRIP = NO;
				DEBUG_INFORMATION_FORMAT = "dwarf-with-dsym";
				ENABLE_STRICT_OBJC_MSGSEND = YES;
				ENABLE_TESTABILITY = YES;
				GCC_C_LANGUAGE_STANDARD = gnu99;
				GCC_DYNAMIC_NO_PIC = NO;
				GCC_NO_COMMON_BLOCKS = YES;
				GCC_OPTIMIZATION_LEVEL = 0;
				GCC_PREPROCESSOR_DEFINITIONS = (
					"DEBUG=1",
					"$(inherited)",
				);
				GCC_SYMBOLS_PRIVATE_EXTERN = NO;
				GCC_WARN_64_TO_32_BIT_CONVERSION = YES;
				GCC_WARN_ABOUT_RETURN_TYPE = YES_ERROR;
				GCC_WARN_UNDECLARED_SELECTOR = YES;
				GCC_WARN_UNINITIALIZED_AUTOS = YES_AGGRESSIVE;
				GCC_WARN_UNUSED_FUNCTION = YES;
				GCC_WARN_UNUSED_VARIABLE = YES;
				IPHONEOS_DEPLOYMENT_TARGET = 9.3;
				MTL_ENABLE_DEBUG_INFO = YES;
				ONLY_ACTIVE_ARCH = YES;
				SDKROOT = iphoneos;
				SWIFT_OPTIMIZATION_LEVEL = "-Onone";
			};
			name = Debug;
		};
		607FACEE1AFB9204008FA782 /* Release */ = {
			isa = XCBuildConfiguration;
			buildSettings = {
				ALWAYS_SEARCH_USER_PATHS = NO;
				CLANG_CXX_LANGUAGE_STANDARD = "gnu++0x";
				CLANG_CXX_LIBRARY = "libc++";
				CLANG_ENABLE_MODULES = YES;
				CLANG_ENABLE_OBJC_ARC = YES;
				CLANG_WARN_BLOCK_CAPTURE_AUTORELEASING = YES;
				CLANG_WARN_BOOL_CONVERSION = YES;
				CLANG_WARN_COMMA = YES;
				CLANG_WARN_CONSTANT_CONVERSION = YES;
				CLANG_WARN_DIRECT_OBJC_ISA_USAGE = YES_ERROR;
				CLANG_WARN_EMPTY_BODY = YES;
				CLANG_WARN_ENUM_CONVERSION = YES;
				CLANG_WARN_INFINITE_RECURSION = YES;
				CLANG_WARN_INT_CONVERSION = YES;
				CLANG_WARN_NON_LITERAL_NULL_CONVERSION = YES;
				CLANG_WARN_OBJC_LITERAL_CONVERSION = YES;
				CLANG_WARN_OBJC_ROOT_CLASS = YES_ERROR;
				CLANG_WARN_RANGE_LOOP_ANALYSIS = YES;
				CLANG_WARN_STRICT_PROTOTYPES = YES;
				CLANG_WARN_SUSPICIOUS_MOVE = YES;
				CLANG_WARN_UNREACHABLE_CODE = YES;
				CLANG_WARN__DUPLICATE_METHOD_MATCH = YES;
				"CODE_SIGN_IDENTITY[sdk=iphoneos*]" = "iPhone Developer";
				COPY_PHASE_STRIP = NO;
				DEBUG_INFORMATION_FORMAT = "dwarf-with-dsym";
				ENABLE_NS_ASSERTIONS = NO;
				ENABLE_STRICT_OBJC_MSGSEND = YES;
				GCC_C_LANGUAGE_STANDARD = gnu99;
				GCC_NO_COMMON_BLOCKS = YES;
				GCC_WARN_64_TO_32_BIT_CONVERSION = YES;
				GCC_WARN_ABOUT_RETURN_TYPE = YES_ERROR;
				GCC_WARN_UNDECLARED_SELECTOR = YES;
				GCC_WARN_UNINITIALIZED_AUTOS = YES_AGGRESSIVE;
				GCC_WARN_UNUSED_FUNCTION = YES;
				GCC_WARN_UNUSED_VARIABLE = YES;
				IPHONEOS_DEPLOYMENT_TARGET = 9.3;
				MTL_ENABLE_DEBUG_INFO = NO;
				SDKROOT = iphoneos;
				SWIFT_OPTIMIZATION_LEVEL = "-Owholemodule";
				VALIDATE_PRODUCT = YES;
			};
			name = Release;
		};
		607FACF01AFB9204008FA782 /* Debug */ = {
			isa = XCBuildConfiguration;
			baseConfigurationReference = 6621F9285B557BF283669006 /* Pods-LEONetworkLayer_Example.debug.xcconfig */;
			buildSettings = {
				ASSETCATALOG_COMPILER_APPICON_NAME = AppIcon;
				INFOPLIST_FILE = LEONetworkLayer/Configuration/Info.plist;
				LD_RUNPATH_SEARCH_PATHS = "$(inherited) @executable_path/Frameworks";
				MODULE_NAME = ExampleApp;
				PRODUCT_BUNDLE_IDENTIFIER = "org.cocoapods.demo.$(PRODUCT_NAME:rfc1034identifier)";
				PRODUCT_NAME = "$(TARGET_NAME)";
				SWIFT_ACTIVE_COMPILATION_CONDITIONS = DEBUG;
				SWIFT_SWIFT3_OBJC_INFERENCE = Default;
				SWIFT_VERSION = 4.0;
			};
			name = Debug;
		};
		607FACF11AFB9204008FA782 /* Release */ = {
			isa = XCBuildConfiguration;
			baseConfigurationReference = 0CB421C6B53487233C4EE750 /* Pods-LEONetworkLayer_Example.release.xcconfig */;
			buildSettings = {
				ASSETCATALOG_COMPILER_APPICON_NAME = AppIcon;
				INFOPLIST_FILE = LEONetworkLayer/Configuration/Info.plist;
				LD_RUNPATH_SEARCH_PATHS = "$(inherited) @executable_path/Frameworks";
				MODULE_NAME = ExampleApp;
				PRODUCT_BUNDLE_IDENTIFIER = "org.cocoapods.demo.$(PRODUCT_NAME:rfc1034identifier)";
				PRODUCT_NAME = "$(TARGET_NAME)";
				SWIFT_ACTIVE_COMPILATION_CONDITIONS = RELEASE;
				SWIFT_SWIFT3_OBJC_INFERENCE = Default;
				SWIFT_VERSION = 4.0;
			};
			name = Release;
		};
		607FACF31AFB9204008FA782 /* Debug */ = {
			isa = XCBuildConfiguration;
			baseConfigurationReference = BB06845F1DD2A91BB84DC357 /* Pods-LEONetworkLayer_Tests.debug.xcconfig */;
			buildSettings = {
				ALWAYS_EMBED_SWIFT_STANDARD_LIBRARIES = YES;
				FRAMEWORK_SEARCH_PATHS = "$(inherited)";
				GCC_PREPROCESSOR_DEFINITIONS = (
					"DEBUG=1",
					"$(inherited)",
				);
				INFOPLIST_FILE = Tests/Info.plist;
				LD_RUNPATH_SEARCH_PATHS = "$(inherited) @executable_path/Frameworks @loader_path/Frameworks";
				PRODUCT_BUNDLE_IDENTIFIER = "org.cocoapods.$(PRODUCT_NAME:rfc1034identifier)";
				PRODUCT_NAME = "$(TARGET_NAME)";
				SWIFT_SWIFT3_OBJC_INFERENCE = Default;
				SWIFT_VERSION = 4.0;
			};
			name = Debug;
		};
		607FACF41AFB9204008FA782 /* Release */ = {
			isa = XCBuildConfiguration;
			baseConfigurationReference = A7B9607EDA9BEC24288AD21D /* Pods-LEONetworkLayer_Tests.release.xcconfig */;
			buildSettings = {
				ALWAYS_EMBED_SWIFT_STANDARD_LIBRARIES = YES;
				FRAMEWORK_SEARCH_PATHS = "$(inherited)";
				INFOPLIST_FILE = Tests/Info.plist;
				LD_RUNPATH_SEARCH_PATHS = "$(inherited) @executable_path/Frameworks @loader_path/Frameworks";
				PRODUCT_BUNDLE_IDENTIFIER = "org.cocoapods.$(PRODUCT_NAME:rfc1034identifier)";
				PRODUCT_NAME = "$(TARGET_NAME)";
				SWIFT_SWIFT3_OBJC_INFERENCE = Default;
				SWIFT_VERSION = 4.0;
			};
			name = Release;
		};
/* End XCBuildConfiguration section */

/* Begin XCConfigurationList section */
		607FACCB1AFB9204008FA782 /* Build configuration list for PBXProject "LEONetworkLayer" */ = {
			isa = XCConfigurationList;
			buildConfigurations = (
				607FACED1AFB9204008FA782 /* Debug */,
				607FACEE1AFB9204008FA782 /* Release */,
			);
			defaultConfigurationIsVisible = 0;
			defaultConfigurationName = Release;
		};
		607FACEF1AFB9204008FA782 /* Build configuration list for PBXNativeTarget "LEONetworkLayer_Example" */ = {
			isa = XCConfigurationList;
			buildConfigurations = (
				607FACF01AFB9204008FA782 /* Debug */,
				607FACF11AFB9204008FA782 /* Release */,
			);
			defaultConfigurationIsVisible = 0;
			defaultConfigurationName = Release;
		};
		607FACF21AFB9204008FA782 /* Build configuration list for PBXNativeTarget "LEONetworkLayer_Tests" */ = {
			isa = XCConfigurationList;
			buildConfigurations = (
				607FACF31AFB9204008FA782 /* Debug */,
				607FACF41AFB9204008FA782 /* Release */,
			);
			defaultConfigurationIsVisible = 0;
			defaultConfigurationName = Release;
		};
/* End XCConfigurationList section */
	};
	rootObject = 607FACC81AFB9204008FA782 /* Project object */;
}
